// !$*UTF8*$!
{
	archiveVersion = 1;
	classes = {
	};
	objectVersion = 48;
	objects = {

/* Begin PBXBuildFile section */
		D31169F81EFBB11000E50855 /* Shaders.metal in Resources */ = {isa = PBXBuildFile; fileRef = D3AF49721EFBA023009D94CD /* Shaders.metal */; };
		D31C95ED1EFBA7F4007774C5 /* GameViewController.mm in Sources */ = {isa = PBXBuildFile; fileRef = D31C95EB1EFBA749007774C5 /* GameViewController.mm */; };
		D358CA161EFBBD5600179E2F /* NSObjectHolder.m in Sources */ = {isa = PBXBuildFile; fileRef = D358CA151EFBBD5600179E2F /* NSObjectHolder.m */; };
		D3A23A641EFCF6E40072C068 /* blend_fragment.glsl in Resources */ = {isa = PBXBuildFile; fileRef = D3A23A461EFCF6E40072C068 /* blend_fragment.glsl */; };
		D3A23A661EFCF6E40072C068 /* fragment.glsl in Resources */ = {isa = PBXBuildFile; fileRef = D3A23A481EFCF6E40072C068 /* fragment.glsl */; };
		D3A23A671EFCF6E40072C068 /* grass_02.jpg in Resources */ = {isa = PBXBuildFile; fileRef = D3A23A491EFCF6E40072C068 /* grass_02.jpg */; };
		D3A23A6A1EFCF6E40072C068 /* BasicFlowTests.cpp in Sources */ = {isa = PBXBuildFile; fileRef = D3A23A4E1EFCF6E40072C068 /* BasicFlowTests.cpp */; };
		D3A23A701EFCF6E50072C068 /* TestScene.cpp in Sources */ = {isa = PBXBuildFile; fileRef = D3A23A5A1EFCF6E40072C068 /* TestScene.cpp */; };
		D3A23A721EFCF6E50072C068 /* tree.png in Resources */ = {isa = PBXBuildFile; fileRef = D3A23A5D1EFCF6E40072C068 /* tree.png */; };
		D3A23A731EFCF6E50072C068 /* tree2.png in Resources */ = {isa = PBXBuildFile; fileRef = D3A23A5E1EFCF6E40072C068 /* tree2.png */; };
		D3A23A741EFCF6E50072C068 /* vertex.glsl in Resources */ = {isa = PBXBuildFile; fileRef = D3A23A5F1EFCF6E40072C068 /* vertex.glsl */; };
		D3A23A791EFCF7780072C068 /* PlatformTestsViewController.mm in Sources */ = {isa = PBXBuildFile; fileRef = D3A23A781EFCF7780072C068 /* PlatformTestsViewController.mm */; };
		D3AF49741EFBA06B009D94CD /* MainMenu.xib in Resources */ = {isa = PBXBuildFile; fileRef = D3AF49691EFBA023009D94CD /* MainMenu.xib */; };
		D3AF49BD1EFBA09C009D94CD /* EZGL.cpp in Sources */ = {isa = PBXBuildFile; fileRef = D3AF497C1EFBA09C009D94CD /* EZGL.cpp */; };
		D3AF49BF1EFBA09C009D94CD /* ELCrossPlatformObject.cpp in Sources */ = {isa = PBXBuildFile; fileRef = D3AF49831EFBA09C009D94CD /* ELCrossPlatformObject.cpp */; };
		D3AF49CB1EFBA09C009D94CD /* ELAssets.cpp in Sources */ = {isa = PBXBuildFile; fileRef = D3AF49AF1EFBA09C009D94CD /* ELAssets.cpp */; };
		D3AF49CC1EFBA09C009D94CD /* ELFileUtil.cpp in Sources */ = {isa = PBXBuildFile; fileRef = D3AF49B11EFBA09C009D94CD /* ELFileUtil.cpp */; };
		D3AF49D01EFBA1D2009D94CD /* main.m in Sources */ = {isa = PBXBuildFile; fileRef = D3AF496E1EFBA023009D94CD /* main.m */; };
		D3AF49D21EFBA1E0009D94CD /* AppDelegate.m in Sources */ = {isa = PBXBuildFile; fileRef = D3AF49671EFBA023009D94CD /* AppDelegate.m */; };
		D3AF49DC1EFBA299009D94CD /* ELMetalAdapter.mm in Sources */ = {isa = PBXBuildFile; fileRef = D3AF49D71EFBA21D009D94CD /* ELMetalAdapter.mm */; };
		D3AF49DD1EFBA29C009D94CD /* ELRenderer.mm in Sources */ = {isa = PBXBuildFile; fileRef = D3AF49D91EFBA21D009D94CD /* ELRenderer.mm */; };
		D3AF49DE1EFBA29D009D94CD /* ELRenderPass.mm in Sources */ = {isa = PBXBuildFile; fileRef = D3AF49DA1EFBA21D009D94CD /* ELRenderPass.mm */; };
		D3AF49DF1EFBA29E009D94CD /* ELRenderPipline.mm in Sources */ = {isa = PBXBuildFile; fileRef = D3AF49D51EFBA21D009D94CD /* ELRenderPipline.mm */; };
		D3AF49E01EFBA29E009D94CD /* ELRenderTarget.mm in Sources */ = {isa = PBXBuildFile; fileRef = D3AF49D81EFBA21D009D94CD /* ELRenderTarget.mm */; };
		D3AF49E11EFBA29F009D94CD /* ELTexture.mm in Sources */ = {isa = PBXBuildFile; fileRef = D3AF49DB1EFBA21D009D94CD /* ELTexture.mm */; };
		D3AF49E21EFBA2A0009D94CD /* ELVertexBuffer.mm in Sources */ = {isa = PBXBuildFile; fileRef = D3AF49D41EFBA21D009D94CD /* ELVertexBuffer.mm */; };
		D3E6F0171EFCE58300B94C65 /* texture.jpg in Resources */ = {isa = PBXBuildFile; fileRef = D3E6F0161EFCE57300B94C65 /* texture.jpg */; };
/* End PBXBuildFile section */

/* Begin PBXFileReference section */
		D31169FA1EFBB35D00E50855 /* MetalRenderContextProvider.h */ = {isa = PBXFileReference; lastKnownFileType = sourcecode.c.h; path = MetalRenderContextProvider.h; sourceTree = "<group>"; };
		D31C95EB1EFBA749007774C5 /* GameViewController.mm */ = {isa = PBXFileReference; lastKnownFileType = sourcecode.cpp.objcpp; path = GameViewController.mm; sourceTree = "<group>"; };
		D31C95EC1EFBA749007774C5 /* GameViewController.h */ = {isa = PBXFileReference; lastKnownFileType = sourcecode.c.h; path = GameViewController.h; sourceTree = "<group>"; };
		D358CA141EFBBD5600179E2F /* NSObjectHolder.h */ = {isa = PBXFileReference; lastKnownFileType = sourcecode.c.h; path = NSObjectHolder.h; sourceTree = "<group>"; };
		D358CA151EFBBD5600179E2F /* NSObjectHolder.m */ = {isa = PBXFileReference; lastKnownFileType = sourcecode.c.objc; path = NSObjectHolder.m; sourceTree = "<group>"; };
		D3A23A441EFCF6E40072C068 /* CMakeLists.txt */ = {isa = PBXFileReference; fileEncoding = 4; lastKnownFileType = text; path = CMakeLists.txt; sourceTree = "<group>"; };
		D3A23A461EFCF6E40072C068 /* blend_fragment.glsl */ = {isa = PBXFileReference; fileEncoding = 4; lastKnownFileType = text; path = blend_fragment.glsl; sourceTree = "<group>"; };
		D3A23A471EFCF6E40072C068 /* CMakeLists.txt */ = {isa = PBXFileReference; fileEncoding = 4; lastKnownFileType = text; path = CMakeLists.txt; sourceTree = "<group>"; };
		D3A23A481EFCF6E40072C068 /* fragment.glsl */ = {isa = PBXFileReference; fileEncoding = 4; lastKnownFileType = text; path = fragment.glsl; sourceTree = "<group>"; };
		D3A23A491EFCF6E40072C068 /* grass_02.jpg */ = {isa = PBXFileReference; lastKnownFileType = image.jpeg; path = grass_02.jpg; sourceTree = "<group>"; };
		D3A23A4E1EFCF6E40072C068 /* BasicFlowTests.cpp */ = {isa = PBXFileReference; fileEncoding = 4; lastKnownFileType = sourcecode.cpp.cpp; path = BasicFlowTests.cpp; sourceTree = "<group>"; };
		D3A23A4F1EFCF6E40072C068 /* BasicFlowTests.h */ = {isa = PBXFileReference; fileEncoding = 4; lastKnownFileType = sourcecode.c.h; path = BasicFlowTests.h; sourceTree = "<group>"; };
		D3A23A5A1EFCF6E40072C068 /* TestScene.cpp */ = {isa = PBXFileReference; fileEncoding = 4; lastKnownFileType = sourcecode.cpp.cpp; path = TestScene.cpp; sourceTree = "<group>"; };
		D3A23A5B1EFCF6E40072C068 /* TestScene.h */ = {isa = PBXFileReference; fileEncoding = 4; lastKnownFileType = sourcecode.c.h; path = TestScene.h; sourceTree = "<group>"; };
		D3A23A5C1EFCF6E40072C068 /* texture.jpg */ = {isa = PBXFileReference; lastKnownFileType = image.jpeg; path = texture.jpg; sourceTree = "<group>"; };
		D3A23A5D1EFCF6E40072C068 /* tree.png */ = {isa = PBXFileReference; lastKnownFileType = image.png; path = tree.png; sourceTree = "<group>"; };
		D3A23A5E1EFCF6E40072C068 /* tree2.png */ = {isa = PBXFileReference; lastKnownFileType = image.png; path = tree2.png; sourceTree = "<group>"; };
		D3A23A5F1EFCF6E40072C068 /* vertex.glsl */ = {isa = PBXFileReference; fileEncoding = 4; lastKnownFileType = text; path = vertex.glsl; sourceTree = "<group>"; };
		D3A23A611EFCF6E40072C068 /* CMakeLists.txt */ = {isa = PBXFileReference; fileEncoding = 4; lastKnownFileType = text; path = CMakeLists.txt; sourceTree = "<group>"; };
		D3A23A771EFCF7780072C068 /* PlatformTestsViewController.h */ = {isa = PBXFileReference; lastKnownFileType = sourcecode.c.h; path = PlatformTestsViewController.h; sourceTree = "<group>"; };
		D3A23A781EFCF7780072C068 /* PlatformTestsViewController.mm */ = {isa = PBXFileReference; lastKnownFileType = sourcecode.cpp.objcpp; path = PlatformTestsViewController.mm; sourceTree = "<group>"; };
		D3AF49461EFB9E73009D94CD /* metal.app */ = {isa = PBXFileReference; explicitFileType = wrapper.application; includeInIndex = 0; path = metal.app; sourceTree = BUILT_PRODUCTS_DIR; };
		D3AF49661EFBA023009D94CD /* AppDelegate.h */ = {isa = PBXFileReference; lastKnownFileType = sourcecode.c.h; path = AppDelegate.h; sourceTree = "<group>"; };
		D3AF49671EFBA023009D94CD /* AppDelegate.m */ = {isa = PBXFileReference; lastKnownFileType = sourcecode.c.objc; path = AppDelegate.m; sourceTree = "<group>"; };
		D3AF49681EFBA023009D94CD /* Assets.xcassets */ = {isa = PBXFileReference; lastKnownFileType = folder.assetcatalog; path = Assets.xcassets; sourceTree = "<group>"; };
		D3AF496A1EFBA023009D94CD /* Base */ = {isa = PBXFileReference; lastKnownFileType = file.xib; name = Base; path = Base.lproj/MainMenu.xib; sourceTree = "<group>"; };
		D3AF496D1EFBA023009D94CD /* Info.plist */ = {isa = PBXFileReference; lastKnownFileType = text.plist.xml; path = Info.plist; sourceTree = "<group>"; };
		D3AF496E1EFBA023009D94CD /* main.m */ = {isa = PBXFileReference; lastKnownFileType = sourcecode.c.objc; path = main.m; sourceTree = "<group>"; };
		D3AF49721EFBA023009D94CD /* Shaders.metal */ = {isa = PBXFileReference; lastKnownFileType = sourcecode.metal; path = Shaders.metal; sourceTree = "<group>"; };
		D3AF497C1EFBA09C009D94CD /* EZGL.cpp */ = {isa = PBXFileReference; fileEncoding = 4; lastKnownFileType = sourcecode.cpp.cpp; path = EZGL.cpp; sourceTree = "<group>"; };
		D3AF497D1EFBA09C009D94CD /* EZGL.hpp */ = {isa = PBXFileReference; fileEncoding = 4; lastKnownFileType = sourcecode.cpp.h; path = EZGL.hpp; sourceTree = "<group>"; };
		D3AF497F1EFBA09C009D94CD /* CMakeLists.txt */ = {isa = PBXFileReference; fileEncoding = 4; lastKnownFileType = text; path = CMakeLists.txt; sourceTree = "<group>"; };
		D3AF49801EFBA09C009D94CD /* ELAdapter.h */ = {isa = PBXFileReference; fileEncoding = 4; lastKnownFileType = sourcecode.c.h; path = ELAdapter.h; sourceTree = "<group>"; };
		D3AF49811EFBA09C009D94CD /* ELCompositionVertexBuffer.h */ = {isa = PBXFileReference; fileEncoding = 4; lastKnownFileType = sourcecode.c.h; path = ELCompositionVertexBuffer.h; sourceTree = "<group>"; };
		D3AF49821EFBA09C009D94CD /* ELCppBase.h */ = {isa = PBXFileReference; fileEncoding = 4; lastKnownFileType = sourcecode.c.h; path = ELCppBase.h; sourceTree = "<group>"; };
		D3AF49831EFBA09C009D94CD /* ELCrossPlatformObject.cpp */ = {isa = PBXFileReference; fileEncoding = 4; lastKnownFileType = sourcecode.cpp.cpp; path = ELCrossPlatformObject.cpp; sourceTree = "<group>"; };
		D3AF49841EFBA09C009D94CD /* ELCrossPlatformObject.h */ = {isa = PBXFileReference; fileEncoding = 4; lastKnownFileType = sourcecode.c.h; path = ELCrossPlatformObject.h; sourceTree = "<group>"; };
		D3AF49851EFBA09C009D94CD /* ELPlatform.h */ = {isa = PBXFileReference; fileEncoding = 4; lastKnownFileType = sourcecode.c.h; path = ELPlatform.h; sourceTree = "<group>"; };
		D3AF49861EFBA09C009D94CD /* ELRenderer.h */ = {isa = PBXFileReference; fileEncoding = 4; lastKnownFileType = sourcecode.c.h; path = ELRenderer.h; sourceTree = "<group>"; };
		D3AF49871EFBA09C009D94CD /* ELRenderPass.h */ = {isa = PBXFileReference; fileEncoding = 4; lastKnownFileType = sourcecode.c.h; path = ELRenderPass.h; sourceTree = "<group>"; };
		D3AF49881EFBA09C009D94CD /* ELRenderPipline.h */ = {isa = PBXFileReference; fileEncoding = 4; lastKnownFileType = sourcecode.c.h; path = ELRenderPipline.h; sourceTree = "<group>"; };
		D3AF49891EFBA09C009D94CD /* ELRenderTarget.h */ = {isa = PBXFileReference; fileEncoding = 4; lastKnownFileType = sourcecode.c.h; path = ELRenderTarget.h; sourceTree = "<group>"; };
		D3AF498A1EFBA09C009D94CD /* ELTexture.h */ = {isa = PBXFileReference; fileEncoding = 4; lastKnownFileType = sourcecode.c.h; path = ELTexture.h; sourceTree = "<group>"; };
		D3AF498B1EFBA09C009D94CD /* ELVertexBuffer.h */ = {isa = PBXFileReference; fileEncoding = 4; lastKnownFileType = sourcecode.c.h; path = ELVertexBuffer.h; sourceTree = "<group>"; };
		D3AF49A11EFBA09C009D94CD /* ELGeometryTypes.h */ = {isa = PBXFileReference; fileEncoding = 4; lastKnownFileType = sourcecode.c.h; path = ELGeometryTypes.h; sourceTree = "<group>"; };
		D3AF49A21EFBA09C009D94CD /* ELMatrix3.h */ = {isa = PBXFileReference; fileEncoding = 4; lastKnownFileType = sourcecode.c.h; path = ELMatrix3.h; sourceTree = "<group>"; };
		D3AF49A31EFBA09C009D94CD /* ELMatrix4.h */ = {isa = PBXFileReference; fileEncoding = 4; lastKnownFileType = sourcecode.c.h; path = ELMatrix4.h; sourceTree = "<group>"; };
		D3AF49A41EFBA09C009D94CD /* ELPixelFormat.h */ = {isa = PBXFileReference; fileEncoding = 4; lastKnownFileType = sourcecode.c.h; path = ELPixelFormat.h; sourceTree = "<group>"; };
		D3AF49A51EFBA09C009D94CD /* ELQuaternion.h */ = {isa = PBXFileReference; fileEncoding = 4; lastKnownFileType = sourcecode.c.h; path = ELQuaternion.h; sourceTree = "<group>"; };
		D3AF49A61EFBA09C009D94CD /* ELTransform.h */ = {isa = PBXFileReference; fileEncoding = 4; lastKnownFileType = sourcecode.c.h; path = ELTransform.h; sourceTree = "<group>"; };
		D3AF49A71EFBA09C009D94CD /* ELVector2.h */ = {isa = PBXFileReference; fileEncoding = 4; lastKnownFileType = sourcecode.c.h; path = ELVector2.h; sourceTree = "<group>"; };
		D3AF49A81EFBA09C009D94CD /* ELVector3.h */ = {isa = PBXFileReference; fileEncoding = 4; lastKnownFileType = sourcecode.c.h; path = ELVector3.h; sourceTree = "<group>"; };
		D3AF49A91EFBA09C009D94CD /* ELVector4.h */ = {isa = PBXFileReference; fileEncoding = 4; lastKnownFileType = sourcecode.c.h; path = ELVector4.h; sourceTree = "<group>"; };
		D3AF49AA1EFBA09C009D94CD /* EZGLBasicTypes.h */ = {isa = PBXFileReference; fileEncoding = 4; lastKnownFileType = sourcecode.c.h; path = EZGLBasicTypes.h; sourceTree = "<group>"; };
		D3AF49AB1EFBA09C009D94CD /* EZGLMatrixTypes.h */ = {isa = PBXFileReference; fileEncoding = 4; lastKnownFileType = sourcecode.c.h; path = EZGLMatrixTypes.h; sourceTree = "<group>"; };
		D3AF49AC1EFBA09C009D94CD /* EZGLTypes.h */ = {isa = PBXFileReference; fileEncoding = 4; lastKnownFileType = sourcecode.c.h; path = EZGLTypes.h; sourceTree = "<group>"; };
		D3AF49AD1EFBA09C009D94CD /* EZGLVectorTypes.h */ = {isa = PBXFileReference; fileEncoding = 4; lastKnownFileType = sourcecode.c.h; path = EZGLVectorTypes.h; sourceTree = "<group>"; };
		D3AF49AF1EFBA09C009D94CD /* ELAssets.cpp */ = {isa = PBXFileReference; fileEncoding = 4; lastKnownFileType = sourcecode.cpp.cpp; path = ELAssets.cpp; sourceTree = "<group>"; };
		D3AF49B01EFBA09C009D94CD /* ELAssets.h */ = {isa = PBXFileReference; fileEncoding = 4; lastKnownFileType = sourcecode.c.h; path = ELAssets.h; sourceTree = "<group>"; };
		D3AF49B11EFBA09C009D94CD /* ELFileUtil.cpp */ = {isa = PBXFileReference; fileEncoding = 4; lastKnownFileType = sourcecode.cpp.cpp; path = ELFileUtil.cpp; sourceTree = "<group>"; };
		D3AF49B21EFBA09C009D94CD /* ELFileUtil.h */ = {isa = PBXFileReference; fileEncoding = 4; lastKnownFileType = sourcecode.c.h; path = ELFileUtil.h; sourceTree = "<group>"; };
		D3AF49B31EFBA09C009D94CD /* ELUtils.h */ = {isa = PBXFileReference; fileEncoding = 4; lastKnownFileType = sourcecode.c.h; path = ELUtils.h; sourceTree = "<group>"; };
		D3AF49B51EFBA09C009D94CD /* CMakeLists.txt */ = {isa = PBXFileReference; fileEncoding = 4; lastKnownFileType = text; path = CMakeLists.txt; sourceTree = "<group>"; };
		D3AF49D41EFBA21D009D94CD /* ELVertexBuffer.mm */ = {isa = PBXFileReference; lastKnownFileType = sourcecode.cpp.objcpp; path = ELVertexBuffer.mm; sourceTree = "<group>"; };
		D3AF49D51EFBA21D009D94CD /* ELRenderPipline.mm */ = {isa = PBXFileReference; lastKnownFileType = sourcecode.cpp.objcpp; path = ELRenderPipline.mm; sourceTree = "<group>"; };
		D3AF49D61EFBA21D009D94CD /* ELMetalAdapter.h */ = {isa = PBXFileReference; lastKnownFileType = sourcecode.c.h; path = ELMetalAdapter.h; sourceTree = "<group>"; };
		D3AF49D71EFBA21D009D94CD /* ELMetalAdapter.mm */ = {isa = PBXFileReference; lastKnownFileType = sourcecode.cpp.objcpp; path = ELMetalAdapter.mm; sourceTree = "<group>"; };
		D3AF49D81EFBA21D009D94CD /* ELRenderTarget.mm */ = {isa = PBXFileReference; lastKnownFileType = sourcecode.cpp.objcpp; path = ELRenderTarget.mm; sourceTree = "<group>"; };
		D3AF49D91EFBA21D009D94CD /* ELRenderer.mm */ = {isa = PBXFileReference; lastKnownFileType = sourcecode.cpp.objcpp; path = ELRenderer.mm; sourceTree = "<group>"; };
		D3AF49DA1EFBA21D009D94CD /* ELRenderPass.mm */ = {isa = PBXFileReference; lastKnownFileType = sourcecode.cpp.objcpp; path = ELRenderPass.mm; sourceTree = "<group>"; };
		D3AF49DB1EFBA21D009D94CD /* ELTexture.mm */ = {isa = PBXFileReference; lastKnownFileType = sourcecode.cpp.objcpp; path = ELTexture.mm; sourceTree = "<group>"; };
		D3E6F0161EFCE57300B94C65 /* texture.jpg */ = {isa = PBXFileReference; lastKnownFileType = image.jpeg; path = texture.jpg; sourceTree = "<group>"; };
/* End PBXFileReference section */

/* Begin PBXFrameworksBuildPhase section */
		D3AF49431EFB9E73009D94CD /* Frameworks */ = {
			isa = PBXFrameworksBuildPhase;
			buildActionMask = 2147483647;
			files = (
			);
			runOnlyForDeploymentPostprocessing = 0;
		};
/* End PBXFrameworksBuildPhase section */

/* Begin PBXGroup section */
		D3A23A431EFCF6E40072C068 /* tests */ = {
			isa = PBXGroup;
			children = (
				D3A23A441EFCF6E40072C068 /* CMakeLists.txt */,
				D3A23A451EFCF6E40072C068 /* platform */,
				D3A23A601EFCF6E40072C068 /* renderer */,
			);
			name = tests;
			path = ../../../tests;
			sourceTree = "<group>";
		};
		D3A23A451EFCF6E40072C068 /* platform */ = {
			isa = PBXGroup;
			children = (
				D3A23A461EFCF6E40072C068 /* blend_fragment.glsl */,
				D3A23A471EFCF6E40072C068 /* CMakeLists.txt */,
				D3A23A481EFCF6E40072C068 /* fragment.glsl */,
				D3A23A491EFCF6E40072C068 /* grass_02.jpg */,
				D3A23A4B1EFCF6E40072C068 /* Test Scenes */,
				D3A23A5A1EFCF6E40072C068 /* TestScene.cpp */,
				D3A23A5B1EFCF6E40072C068 /* TestScene.h */,
				D3A23A5C1EFCF6E40072C068 /* texture.jpg */,
				D3A23A5D1EFCF6E40072C068 /* tree.png */,
				D3A23A5E1EFCF6E40072C068 /* tree2.png */,
				D3A23A5F1EFCF6E40072C068 /* vertex.glsl */,
			);
			path = platform;
			sourceTree = "<group>";
		};
		D3A23A4B1EFCF6E40072C068 /* Test Scenes */ = {
			isa = PBXGroup;
			children = (
				D3A23A4E1EFCF6E40072C068 /* BasicFlowTests.cpp */,
				D3A23A4F1EFCF6E40072C068 /* BasicFlowTests.h */,
			);
			path = "Test Scenes";
			sourceTree = "<group>";
		};
		D3A23A601EFCF6E40072C068 /* renderer */ = {
			isa = PBXGroup;
			children = (
				D3A23A611EFCF6E40072C068 /* CMakeLists.txt */,
			);
			path = renderer;
			sourceTree = "<group>";
		};
		D3AF493D1EFB9E72009D94CD = {
			isa = PBXGroup;
			children = (
				D3AF49481EFB9E73009D94CD /* metal */,
				D3AF49471EFB9E73009D94CD /* Products */,
			);
			sourceTree = "<group>";
		};
		D3AF49471EFB9E73009D94CD /* Products */ = {
			isa = PBXGroup;
			children = (
				D3AF49461EFB9E73009D94CD /* metal.app */,
			);
			name = Products;
			sourceTree = "<group>";
		};
		D3AF49481EFB9E73009D94CD /* metal */ = {
			isa = PBXGroup;
			children = (
				D3AF49CF1EFBA10F009D94CD /* impl_Metal */,
				D3AF49751EFBA09C009D94CD /* ezgl */,
				D3A23A431EFCF6E40072C068 /* tests */,
				D3AF49651EFBA023009D94CD /* AppBase */,
			);
			path = metal;
			sourceTree = "<group>";
		};
		D3AF49651EFBA023009D94CD /* AppBase */ = {
			isa = PBXGroup;
			children = (
				D3E6F0161EFCE57300B94C65 /* texture.jpg */,
				D31C95EC1EFBA749007774C5 /* GameViewController.h */,
				D31C95EB1EFBA749007774C5 /* GameViewController.mm */,
				D3AF49661EFBA023009D94CD /* AppDelegate.h */,
				D3AF49671EFBA023009D94CD /* AppDelegate.m */,
				D3AF49681EFBA023009D94CD /* Assets.xcassets */,
				D3AF49691EFBA023009D94CD /* MainMenu.xib */,
				D3AF496D1EFBA023009D94CD /* Info.plist */,
				D3AF496E1EFBA023009D94CD /* main.m */,
				D3AF49721EFBA023009D94CD /* Shaders.metal */,
				D3A23A771EFCF7780072C068 /* PlatformTestsViewController.h */,
				D3A23A781EFCF7780072C068 /* PlatformTestsViewController.mm */,
			);
			path = AppBase;
			sourceTree = "<group>";
		};
		D3AF49751EFBA09C009D94CD /* ezgl */ = {
			isa = PBXGroup;
			children = (
				D3AF497C1EFBA09C009D94CD /* EZGL.cpp */,
				D3AF497D1EFBA09C009D94CD /* EZGL.hpp */,
				D3AF497E1EFBA09C009D94CD /* platform */,
				D3AF49B41EFBA09C009D94CD /* renderer */,
			);
			name = ezgl;
			path = ../../../ezgl;
			sourceTree = "<group>";
		};
		D3AF497E1EFBA09C009D94CD /* platform */ = {
			isa = PBXGroup;
			children = (
				D3AF497F1EFBA09C009D94CD /* CMakeLists.txt */,
				D3AF49801EFBA09C009D94CD /* ELAdapter.h */,
				D3AF49811EFBA09C009D94CD /* ELCompositionVertexBuffer.h */,
				D3AF49821EFBA09C009D94CD /* ELCppBase.h */,
				D3AF49831EFBA09C009D94CD /* ELCrossPlatformObject.cpp */,
				D3AF49841EFBA09C009D94CD /* ELCrossPlatformObject.h */,
				D3AF49851EFBA09C009D94CD /* ELPlatform.h */,
				D3AF49861EFBA09C009D94CD /* ELRenderer.h */,
				D3AF49871EFBA09C009D94CD /* ELRenderPass.h */,
				D3AF49881EFBA09C009D94CD /* ELRenderPipline.h */,
				D3AF49891EFBA09C009D94CD /* ELRenderTarget.h */,
				D3AF498A1EFBA09C009D94CD /* ELTexture.h */,
				D3AF498B1EFBA09C009D94CD /* ELVertexBuffer.h */,
				D3AF49A01EFBA09C009D94CD /* types */,
				D3AF49AE1EFBA09C009D94CD /* utils */,
			);
			path = platform;
			sourceTree = "<group>";
		};
		D3AF49A01EFBA09C009D94CD /* types */ = {
			isa = PBXGroup;
			children = (
				D3AF49A11EFBA09C009D94CD /* ELGeometryTypes.h */,
				D3AF49A21EFBA09C009D94CD /* ELMatrix3.h */,
				D3AF49A31EFBA09C009D94CD /* ELMatrix4.h */,
				D3AF49A41EFBA09C009D94CD /* ELPixelFormat.h */,
				D3AF49A51EFBA09C009D94CD /* ELQuaternion.h */,
				D3AF49A61EFBA09C009D94CD /* ELTransform.h */,
				D3AF49A71EFBA09C009D94CD /* ELVector2.h */,
				D3AF49A81EFBA09C009D94CD /* ELVector3.h */,
				D3AF49A91EFBA09C009D94CD /* ELVector4.h */,
				D3AF49AA1EFBA09C009D94CD /* EZGLBasicTypes.h */,
				D3AF49AB1EFBA09C009D94CD /* EZGLMatrixTypes.h */,
				D3AF49AC1EFBA09C009D94CD /* EZGLTypes.h */,
				D3AF49AD1EFBA09C009D94CD /* EZGLVectorTypes.h */,
			);
			path = types;
			sourceTree = "<group>";
		};
		D3AF49AE1EFBA09C009D94CD /* utils */ = {
			isa = PBXGroup;
			children = (
				D3AF49AF1EFBA09C009D94CD /* ELAssets.cpp */,
				D3AF49B01EFBA09C009D94CD /* ELAssets.h */,
				D3AF49B11EFBA09C009D94CD /* ELFileUtil.cpp */,
				D3AF49B21EFBA09C009D94CD /* ELFileUtil.h */,
				D3AF49B31EFBA09C009D94CD /* ELUtils.h */,
			);
			path = utils;
			sourceTree = "<group>";
		};
		D3AF49B41EFBA09C009D94CD /* renderer */ = {
			isa = PBXGroup;
			children = (
				D3AF49B51EFBA09C009D94CD /* CMakeLists.txt */,
			);
			path = renderer;
			sourceTree = "<group>";
		};
		D3AF49CF1EFBA10F009D94CD /* impl_Metal */ = {
			isa = PBXGroup;
			children = (
				D31169FA1EFBB35D00E50855 /* MetalRenderContextProvider.h */,
				D3AF49D71EFBA21D009D94CD /* ELMetalAdapter.mm */,
				D3AF49D61EFBA21D009D94CD /* ELMetalAdapter.h */,
				D3AF49D91EFBA21D009D94CD /* ELRenderer.mm */,
				D3AF49DA1EFBA21D009D94CD /* ELRenderPass.mm */,
				D3AF49D51EFBA21D009D94CD /* ELRenderPipline.mm */,
				D3AF49D81EFBA21D009D94CD /* ELRenderTarget.mm */,
				D3AF49DB1EFBA21D009D94CD /* ELTexture.mm */,
				D3AF49D41EFBA21D009D94CD /* ELVertexBuffer.mm */,
				D358CA141EFBBD5600179E2F /* NSObjectHolder.h */,
				D358CA151EFBBD5600179E2F /* NSObjectHolder.m */,
			);
			path = impl_Metal;
			sourceTree = "<group>";
		};
/* End PBXGroup section */

/* Begin PBXNativeTarget section */
		D3AF49451EFB9E73009D94CD /* metal */ = {
			isa = PBXNativeTarget;
			buildConfigurationList = D3AF49601EFB9E73009D94CD /* Build configuration list for PBXNativeTarget "metal" */;
			buildPhases = (
				D3AF49421EFB9E73009D94CD /* Sources */,
				D3AF49431EFB9E73009D94CD /* Frameworks */,
				D3AF49441EFB9E73009D94CD /* Resources */,
			);
			buildRules = (
			);
			dependencies = (
			);
			name = metal;
			productName = metal;
			productReference = D3AF49461EFB9E73009D94CD /* metal.app */;
			productType = "com.apple.product-type.application";
		};
/* End PBXNativeTarget section */

/* Begin PBXProject section */
		D3AF493E1EFB9E73009D94CD /* Project object */ = {
			isa = PBXProject;
			attributes = {
				LastUpgradeCheck = 0900;
				ORGANIZATIONNAME = "wang yang";
				TargetAttributes = {
					D3AF49451EFB9E73009D94CD = {
						CreatedOnToolsVersion = 9.0;
					};
				};
			};
			buildConfigurationList = D3AF49411EFB9E73009D94CD /* Build configuration list for PBXProject "metal" */;
			compatibilityVersion = "Xcode 8.0";
			developmentRegion = en;
			hasScannedForEncodings = 0;
			knownRegions = (
				en,
				Base,
			);
			mainGroup = D3AF493D1EFB9E72009D94CD;
			productRefGroup = D3AF49471EFB9E73009D94CD /* Products */;
			projectDirPath = "";
			projectRoot = "";
			targets = (
				D3AF49451EFB9E73009D94CD /* metal */,
			);
		};
/* End PBXProject section */

/* Begin PBXResourcesBuildPhase section */
		D3AF49441EFB9E73009D94CD /* Resources */ = {
			isa = PBXResourcesBuildPhase;
			buildActionMask = 2147483647;
			files = (
				D3A23A721EFCF6E50072C068 /* tree.png in Resources */,
				D3A23A641EFCF6E40072C068 /* blend_fragment.glsl in Resources */,
				D3AF49741EFBA06B009D94CD /* MainMenu.xib in Resources */,
				D3A23A731EFCF6E50072C068 /* tree2.png in Resources */,
				D3A23A671EFCF6E40072C068 /* grass_02.jpg in Resources */,
				D31169F81EFBB11000E50855 /* Shaders.metal in Resources */,
				D3A23A741EFCF6E50072C068 /* vertex.glsl in Resources */,
				D3A23A661EFCF6E40072C068 /* fragment.glsl in Resources */,
				D3E6F0171EFCE58300B94C65 /* texture.jpg in Resources */,
			);
			runOnlyForDeploymentPostprocessing = 0;
		};
/* End PBXResourcesBuildPhase section */

/* Begin PBXSourcesBuildPhase section */
		D3AF49421EFB9E73009D94CD /* Sources */ = {
			isa = PBXSourcesBuildPhase;
			buildActionMask = 2147483647;
			files = (
				D31C95ED1EFBA7F4007774C5 /* GameViewController.mm in Sources */,
				D3AF49DC1EFBA299009D94CD /* ELMetalAdapter.mm in Sources */,
				D3AF49CC1EFBA09C009D94CD /* ELFileUtil.cpp in Sources */,
				D3A23A791EFCF7780072C068 /* PlatformTestsViewController.mm in Sources */,
				D3AF49DE1EFBA29D009D94CD /* ELRenderPass.mm in Sources */,
				D3AF49E01EFBA29E009D94CD /* ELRenderTarget.mm in Sources */,
				D3AF49DD1EFBA29C009D94CD /* ELRenderer.mm in Sources */,
				D3AF49E11EFBA29F009D94CD /* ELTexture.mm in Sources */,
				D358CA161EFBBD5600179E2F /* NSObjectHolder.m in Sources */,
				D3A23A701EFCF6E50072C068 /* TestScene.cpp in Sources */,
				D3AF49E21EFBA2A0009D94CD /* ELVertexBuffer.mm in Sources */,
				D3AF49DF1EFBA29E009D94CD /* ELRenderPipline.mm in Sources */,
				D3AF49BD1EFBA09C009D94CD /* EZGL.cpp in Sources */,
				D3AF49D21EFBA1E0009D94CD /* AppDelegate.m in Sources */,
				D3AF49D01EFBA1D2009D94CD /* main.m in Sources */,
				D3A23A6A1EFCF6E40072C068 /* BasicFlowTests.cpp in Sources */,
				D3AF49BF1EFBA09C009D94CD /* ELCrossPlatformObject.cpp in Sources */,
				D3AF49CB1EFBA09C009D94CD /* ELAssets.cpp in Sources */,
			);
			runOnlyForDeploymentPostprocessing = 0;
		};
/* End PBXSourcesBuildPhase section */

/* Begin PBXVariantGroup section */
		D3AF49691EFBA023009D94CD /* MainMenu.xib */ = {
			isa = PBXVariantGroup;
			children = (
				D3AF496A1EFBA023009D94CD /* Base */,
			);
			name = MainMenu.xib;
			sourceTree = "<group>";
		};
/* End PBXVariantGroup section */

/* Begin XCBuildConfiguration section */
		D3AF495E1EFB9E73009D94CD /* Debug */ = {
			isa = XCBuildConfiguration;
			buildSettings = {
				ALWAYS_SEARCH_USER_PATHS = NO;
				CLANG_ANALYZER_NONNULL = YES;
				CLANG_ANALYZER_NUMBER_OBJECT_CONVERSION = YES_AGGRESSIVE;
				CLANG_CXX_LANGUAGE_STANDARD = "gnu++14";
				CLANG_CXX_LIBRARY = "libc++";
				CLANG_ENABLE_MODULES = YES;
				CLANG_ENABLE_OBJC_ARC = YES;
				CLANG_WARN_BLOCK_CAPTURE_AUTORELEASING = YES;
				CLANG_WARN_BOOL_CONVERSION = YES;
				CLANG_WARN_COMMA = YES;
				CLANG_WARN_CONSTANT_CONVERSION = YES;
				CLANG_WARN_DIRECT_OBJC_ISA_USAGE = YES_ERROR;
				CLANG_WARN_DOCUMENTATION_COMMENTS = YES;
				CLANG_WARN_EMPTY_BODY = YES;
				CLANG_WARN_ENUM_CONVERSION = YES;
				CLANG_WARN_INFINITE_RECURSION = YES;
				CLANG_WARN_INT_CONVERSION = YES;
				CLANG_WARN_OBJC_ROOT_CLASS = YES_ERROR;
				CLANG_WARN_RANGE_LOOP_ANALYSIS = YES;
				CLANG_WARN_STRICT_PROTOTYPES = YES;
				CLANG_WARN_SUSPICIOUS_MOVE = YES;
				CLANG_WARN_UNGUARDED_AVAILABILITY = YES_AGGRESSIVE;
				CLANG_WARN_UNREACHABLE_CODE = YES;
				CLANG_WARN__DUPLICATE_METHOD_MATCH = YES;
				CODE_SIGN_IDENTITY = "Mac Developer";
				COPY_PHASE_STRIP = NO;
				DEBUG_INFORMATION_FORMAT = dwarf;
				ENABLE_STRICT_OBJC_MSGSEND = YES;
				ENABLE_TESTABILITY = YES;
				GCC_C_LANGUAGE_STANDARD = gnu11;
				GCC_DYNAMIC_NO_PIC = NO;
				GCC_NO_COMMON_BLOCKS = YES;
				GCC_OPTIMIZATION_LEVEL = 0;
				GCC_PREPROCESSOR_DEFINITIONS = (
					"DEBUG=1",
					"$(inherited)",
				);
				GCC_WARN_64_TO_32_BIT_CONVERSION = YES;
				GCC_WARN_ABOUT_RETURN_TYPE = YES_ERROR;
				GCC_WARN_UNDECLARED_SELECTOR = YES;
				GCC_WARN_UNINITIALIZED_AUTOS = YES_AGGRESSIVE;
				GCC_WARN_UNUSED_FUNCTION = YES;
				GCC_WARN_UNUSED_VARIABLE = YES;
				MACOSX_DEPLOYMENT_TARGET = 10.12;
				MTL_ENABLE_DEBUG_INFO = YES;
				ONLY_ACTIVE_ARCH = YES;
				SDKROOT = macosx;
			};
			name = Debug;
		};
		D3AF495F1EFB9E73009D94CD /* Release */ = {
			isa = XCBuildConfiguration;
			buildSettings = {
				ALWAYS_SEARCH_USER_PATHS = NO;
				CLANG_ANALYZER_NONNULL = YES;
				CLANG_ANALYZER_NUMBER_OBJECT_CONVERSION = YES_AGGRESSIVE;
				CLANG_CXX_LANGUAGE_STANDARD = "gnu++14";
				CLANG_CXX_LIBRARY = "libc++";
				CLANG_ENABLE_MODULES = YES;
				CLANG_ENABLE_OBJC_ARC = YES;
				CLANG_WARN_BLOCK_CAPTURE_AUTORELEASING = YES;
				CLANG_WARN_BOOL_CONVERSION = YES;
				CLANG_WARN_COMMA = YES;
				CLANG_WARN_CONSTANT_CONVERSION = YES;
				CLANG_WARN_DIRECT_OBJC_ISA_USAGE = YES_ERROR;
				CLANG_WARN_DOCUMENTATION_COMMENTS = YES;
				CLANG_WARN_EMPTY_BODY = YES;
				CLANG_WARN_ENUM_CONVERSION = YES;
				CLANG_WARN_INFINITE_RECURSION = YES;
				CLANG_WARN_INT_CONVERSION = YES;
				CLANG_WARN_OBJC_ROOT_CLASS = YES_ERROR;
				CLANG_WARN_RANGE_LOOP_ANALYSIS = YES;
				CLANG_WARN_STRICT_PROTOTYPES = YES;
				CLANG_WARN_SUSPICIOUS_MOVE = YES;
				CLANG_WARN_UNGUARDED_AVAILABILITY = YES_AGGRESSIVE;
				CLANG_WARN_UNREACHABLE_CODE = YES;
				CLANG_WARN__DUPLICATE_METHOD_MATCH = YES;
				CODE_SIGN_IDENTITY = "Mac Developer";
				COPY_PHASE_STRIP = NO;
				DEBUG_INFORMATION_FORMAT = "dwarf-with-dsym";
				ENABLE_NS_ASSERTIONS = NO;
				ENABLE_STRICT_OBJC_MSGSEND = YES;
				GCC_C_LANGUAGE_STANDARD = gnu11;
				GCC_NO_COMMON_BLOCKS = YES;
				GCC_WARN_64_TO_32_BIT_CONVERSION = YES;
				GCC_WARN_ABOUT_RETURN_TYPE = YES_ERROR;
				GCC_WARN_UNDECLARED_SELECTOR = YES;
				GCC_WARN_UNINITIALIZED_AUTOS = YES_AGGRESSIVE;
				GCC_WARN_UNUSED_FUNCTION = YES;
				GCC_WARN_UNUSED_VARIABLE = YES;
				MACOSX_DEPLOYMENT_TARGET = 10.12;
				MTL_ENABLE_DEBUG_INFO = NO;
				SDKROOT = macosx;
			};
			name = Release;
		};
		D3AF49611EFB9E73009D94CD /* Debug */ = {
			isa = XCBuildConfiguration;
			buildSettings = {
				ASSETCATALOG_COMPILER_APPICON_NAME = AppIcon;
				CLANG_CXX_LANGUAGE_STANDARD = "c++0x";
				CLANG_CXX_LIBRARY = "libc++";
				CODE_SIGN_ENTITLEMENTS = metal/metal.entitlements;
				COMBINE_HIDPI_IMAGES = YES;
				DEVELOPMENT_TEAM = P48344HVQL;
				GCC_PREPROCESSOR_DEFINITIONS = "UseMetal=1";
				INFOPLIST_FILE = "$(SRCROOT)/metal/AppBase/Info.plist";
				LD_RUNPATH_SEARCH_PATHS = "$(inherited) @executable_path/../Frameworks";
				PRODUCT_BUNDLE_IDENTIFIER = me.ocean.metal;
				PRODUCT_NAME = "$(TARGET_NAME)";
				USER_HEADER_SEARCH_PATHS = "${SRCROOT}/../../ezgl";
			};
			name = Debug;
		};
		D3AF49621EFB9E73009D94CD /* Release */ = {
			isa = XCBuildConfiguration;
			buildSettings = {
				ASSETCATALOG_COMPILER_APPICON_NAME = AppIcon;
				CLANG_CXX_LANGUAGE_STANDARD = "c++0x";
				CLANG_CXX_LIBRARY = "libc++";
				CODE_SIGN_ENTITLEMENTS = metal/metal.entitlements;
				COMBINE_HIDPI_IMAGES = YES;
				DEVELOPMENT_TEAM = P48344HVQL;
				GCC_PREPROCESSOR_DEFINITIONS = "UseMetal=1";
				INFOPLIST_FILE = "$(SRCROOT)/metal/AppBase/Info.plist";
				LD_RUNPATH_SEARCH_PATHS = "$(inherited) @executable_path/../Frameworks";
				PRODUCT_BUNDLE_IDENTIFIER = me.ocean.metal;
				PRODUCT_NAME = "$(TARGET_NAME)";
				USER_HEADER_SEARCH_PATHS = "${SRCROOT}/../../ezgl";
			};
			name = Release;
		};
/* End XCBuildConfiguration section */

/* Begin XCConfigurationList section */
		D3AF49411EFB9E73009D94CD /* Build configuration list for PBXProject "metal" */ = {
			isa = XCConfigurationList;
			buildConfigurations = (
				D3AF495E1EFB9E73009D94CD /* Debug */,
				D3AF495F1EFB9E73009D94CD /* Release */,
			);
			defaultConfigurationIsVisible = 0;
			defaultConfigurationName = Release;
		};
		D3AF49601EFB9E73009D94CD /* Build configuration list for PBXNativeTarget "metal" */ = {
			isa = XCConfigurationList;
			buildConfigurations = (
				D3AF49611EFB9E73009D94CD /* Debug */,
				D3AF49621EFB9E73009D94CD /* Release */,
			);
			defaultConfigurationIsVisible = 0;
			defaultConfigurationName = Release;
		};
/* End XCConfigurationList section */
	};
	rootObject = D3AF493E1EFB9E73009D94CD /* Project object */;
}
