// !$*UTF8*$!
{
	archiveVersion = 1;
	classes = {
	};
	objectVersion = 48;
	objects = {

/* Begin PBXBuildFile section */
		D31169F81EFBB11000E50855 /* Shaders.metal in Resources */ = {isa = PBXBuildFile; fileRef = D3AF49721EFBA023009D94CD /* Shaders.metal */; };
		D31C95ED1EFBA7F4007774C5 /* GameViewController.mm in Sources */ = {isa = PBXBuildFile; fileRef = D31C95EB1EFBA749007774C5 /* GameViewController.mm */; };
		D323D45D1F025472009E08A0 /* ezgl.iml in Resources */ = {isa = PBXBuildFile; fileRef = D323D41C1F025472009E08A0 /* ezgl.iml */; };
		D323D45E1F025472009E08A0 /* misc.xml in Resources */ = {isa = PBXBuildFile; fileRef = D323D41D1F025472009E08A0 /* misc.xml */; };
		D323D45F1F025472009E08A0 /* modules.xml in Resources */ = {isa = PBXBuildFile; fileRef = D323D41E1F025472009E08A0 /* modules.xml */; };
		D323D4601F025472009E08A0 /* workspace.xml in Resources */ = {isa = PBXBuildFile; fileRef = D323D41F1F025472009E08A0 /* workspace.xml */; };
		D323D4611F025472009E08A0 /* CMakeLists.txt in Resources */ = {isa = PBXBuildFile; fileRef = D323D4201F025472009E08A0 /* CMakeLists.txt */; };
		D323D4621F025472009E08A0 /* EZGL.cpp in Sources */ = {isa = PBXBuildFile; fileRef = D323D4211F025472009E08A0 /* EZGL.cpp */; };
		D323D4631F025472009E08A0 /* CMakeLists.txt in Resources */ = {isa = PBXBuildFile; fileRef = D323D4241F025472009E08A0 /* CMakeLists.txt */; };
		D323D4641F025472009E08A0 /* ELCrossPlatformObject.cpp in Sources */ = {isa = PBXBuildFile; fileRef = D323D4281F025472009E08A0 /* ELCrossPlatformObject.cpp */; };
		D323D4651F025472009E08A0 /* ELAssets.cpp in Sources */ = {isa = PBXBuildFile; fileRef = D323D4401F025472009E08A0 /* ELAssets.cpp */; };
		D323D4661F025472009E08A0 /* ELFileUtil.cpp in Sources */ = {isa = PBXBuildFile; fileRef = D323D4421F025472009E08A0 /* ELFileUtil.cpp */; };
		D323D4671F025472009E08A0 /* CMakeLists.txt in Resources */ = {isa = PBXBuildFile; fileRef = D323D4461F025472009E08A0 /* CMakeLists.txt */; };
		D323D4681F025472009E08A0 /* CMakeLists.txt in Resources */ = {isa = PBXBuildFile; fileRef = D323D4481F025472009E08A0 /* CMakeLists.txt */; };
		D323D4691F025472009E08A0 /* AlphaTestTests.cpp in Sources */ = {isa = PBXBuildFile; fileRef = D323D44A1F025472009E08A0 /* AlphaTestTests.cpp */; };
		D323D46A1F025472009E08A0 /* BasicFlowTests.cpp in Sources */ = {isa = PBXBuildFile; fileRef = D323D44C1F025472009E08A0 /* BasicFlowTests.cpp */; };
		D323D46B1F025472009E08A0 /* BlendModeTests.cpp in Sources */ = {isa = PBXBuildFile; fileRef = D323D44E1F025472009E08A0 /* BlendModeTests.cpp */; };
		D323D46C1F025472009E08A0 /* CMakeLists.txt in Resources */ = {isa = PBXBuildFile; fileRef = D323D4501F025472009E08A0 /* CMakeLists.txt */; };
		D323D46D1F025472009E08A0 /* DepthTestTests.cpp in Sources */ = {isa = PBXBuildFile; fileRef = D323D4511F025472009E08A0 /* DepthTestTests.cpp */; };
		D323D46E1F025472009E08A0 /* IndexBufferTests.cpp in Sources */ = {isa = PBXBuildFile; fileRef = D323D4531F025472009E08A0 /* IndexBufferTests.cpp */; };
		D323D46F1F025472009E08A0 /* MultiBufferTests.cpp in Sources */ = {isa = PBXBuildFile; fileRef = D323D4551F025472009E08A0 /* MultiBufferTests.cpp */; };
		D323D4701F025472009E08A0 /* StencilTestTests.cpp in Sources */ = {isa = PBXBuildFile; fileRef = D323D4571F025472009E08A0 /* StencilTestTests.cpp */; };
		D323D4711F025472009E08A0 /* TestScene.cpp in Sources */ = {isa = PBXBuildFile; fileRef = D323D4591F025472009E08A0 /* TestScene.cpp */; };
		D323D4721F025472009E08A0 /* CMakeLists.txt in Resources */ = {isa = PBXBuildFile; fileRef = D323D45C1F025472009E08A0 /* CMakeLists.txt */; };
		D358CA161EFBBD5600179E2F /* NSObjectHolder.m in Sources */ = {isa = PBXBuildFile; fileRef = D358CA151EFBBD5600179E2F /* NSObjectHolder.m */; };
		D3A23A791EFCF7780072C068 /* PlatformTestsViewController.mm in Sources */ = {isa = PBXBuildFile; fileRef = D3A23A781EFCF7780072C068 /* PlatformTestsViewController.mm */; };
		D3AF49741EFBA06B009D94CD /* MainMenu.xib in Resources */ = {isa = PBXBuildFile; fileRef = D3AF49691EFBA023009D94CD /* MainMenu.xib */; };
		D3AF49D01EFBA1D2009D94CD /* main.m in Sources */ = {isa = PBXBuildFile; fileRef = D3AF496E1EFBA023009D94CD /* main.m */; };
		D3AF49D21EFBA1E0009D94CD /* AppDelegate.m in Sources */ = {isa = PBXBuildFile; fileRef = D3AF49671EFBA023009D94CD /* AppDelegate.m */; };
		D3AF49DC1EFBA299009D94CD /* ELMetalAdapter.mm in Sources */ = {isa = PBXBuildFile; fileRef = D3AF49D71EFBA21D009D94CD /* ELMetalAdapter.mm */; };
		D3AF49DD1EFBA29C009D94CD /* ELRenderer.mm in Sources */ = {isa = PBXBuildFile; fileRef = D3AF49D91EFBA21D009D94CD /* ELRenderer.mm */; };
		D3AF49DE1EFBA29D009D94CD /* ELRenderPass.mm in Sources */ = {isa = PBXBuildFile; fileRef = D3AF49DA1EFBA21D009D94CD /* ELRenderPass.mm */; };
		D3AF49DF1EFBA29E009D94CD /* ELRenderPipline.mm in Sources */ = {isa = PBXBuildFile; fileRef = D3AF49D51EFBA21D009D94CD /* ELRenderPipline.mm */; };
		D3AF49E01EFBA29E009D94CD /* ELRenderTarget.mm in Sources */ = {isa = PBXBuildFile; fileRef = D3AF49D81EFBA21D009D94CD /* ELRenderTarget.mm */; };
		D3AF49E11EFBA29F009D94CD /* ELTexture.mm in Sources */ = {isa = PBXBuildFile; fileRef = D3AF49DB1EFBA21D009D94CD /* ELTexture.mm */; };
		D3AF49E21EFBA2A0009D94CD /* ELVertexBuffer.mm in Sources */ = {isa = PBXBuildFile; fileRef = D3AF49D41EFBA21D009D94CD /* ELVertexBuffer.mm */; };
		D3E6F0171EFCE58300B94C65 /* texture.jpg in Resources */ = {isa = PBXBuildFile; fileRef = D3E6F0161EFCE57300B94C65 /* texture.jpg */; };
/* End PBXBuildFile section */

/* Begin PBXFileReference section */
		D31169FA1EFBB35D00E50855 /* MetalRenderContextProvider.h */ = {isa = PBXFileReference; lastKnownFileType = sourcecode.c.h; path = MetalRenderContextProvider.h; sourceTree = "<group>"; };
		D31C95EB1EFBA749007774C5 /* GameViewController.mm */ = {isa = PBXFileReference; lastKnownFileType = sourcecode.cpp.objcpp; path = GameViewController.mm; sourceTree = "<group>"; };
		D31C95EC1EFBA749007774C5 /* GameViewController.h */ = {isa = PBXFileReference; lastKnownFileType = sourcecode.c.h; path = GameViewController.h; sourceTree = "<group>"; };
		D323D41C1F025472009E08A0 /* ezgl.iml */ = {isa = PBXFileReference; fileEncoding = 4; lastKnownFileType = text.xml; path = ezgl.iml; sourceTree = "<group>"; };
		D323D41D1F025472009E08A0 /* misc.xml */ = {isa = PBXFileReference; fileEncoding = 4; lastKnownFileType = text.xml; path = misc.xml; sourceTree = "<group>"; };
		D323D41E1F025472009E08A0 /* modules.xml */ = {isa = PBXFileReference; fileEncoding = 4; lastKnownFileType = text.xml; path = modules.xml; sourceTree = "<group>"; };
		D323D41F1F025472009E08A0 /* workspace.xml */ = {isa = PBXFileReference; fileEncoding = 4; lastKnownFileType = text.xml; path = workspace.xml; sourceTree = "<group>"; };
		D323D4201F025472009E08A0 /* CMakeLists.txt */ = {isa = PBXFileReference; fileEncoding = 4; lastKnownFileType = text; path = CMakeLists.txt; sourceTree = "<group>"; };
		D323D4211F025472009E08A0 /* EZGL.cpp */ = {isa = PBXFileReference; fileEncoding = 4; lastKnownFileType = sourcecode.cpp.cpp; path = EZGL.cpp; sourceTree = "<group>"; };
		D323D4221F025472009E08A0 /* EZGL.hpp */ = {isa = PBXFileReference; fileEncoding = 4; lastKnownFileType = sourcecode.cpp.h; path = EZGL.hpp; sourceTree = "<group>"; };
		D323D4241F025472009E08A0 /* CMakeLists.txt */ = {isa = PBXFileReference; fileEncoding = 4; lastKnownFileType = text; path = CMakeLists.txt; sourceTree = "<group>"; };
		D323D4251F025472009E08A0 /* ELAdapter.h */ = {isa = PBXFileReference; fileEncoding = 4; lastKnownFileType = sourcecode.c.h; path = ELAdapter.h; sourceTree = "<group>"; };
		D323D4261F025472009E08A0 /* ELCompositionVertexBuffer.h */ = {isa = PBXFileReference; fileEncoding = 4; lastKnownFileType = sourcecode.c.h; path = ELCompositionVertexBuffer.h; sourceTree = "<group>"; };
		D323D4271F025472009E08A0 /* ELCppBase.h */ = {isa = PBXFileReference; fileEncoding = 4; lastKnownFileType = sourcecode.c.h; path = ELCppBase.h; sourceTree = "<group>"; };
		D323D4281F025472009E08A0 /* ELCrossPlatformObject.cpp */ = {isa = PBXFileReference; fileEncoding = 4; lastKnownFileType = sourcecode.cpp.cpp; path = ELCrossPlatformObject.cpp; sourceTree = "<group>"; };
		D323D4291F025472009E08A0 /* ELCrossPlatformObject.h */ = {isa = PBXFileReference; fileEncoding = 4; lastKnownFileType = sourcecode.c.h; path = ELCrossPlatformObject.h; sourceTree = "<group>"; };
		D323D42A1F025472009E08A0 /* ELPlatform.h */ = {isa = PBXFileReference; fileEncoding = 4; lastKnownFileType = sourcecode.c.h; path = ELPlatform.h; sourceTree = "<group>"; };
		D323D42B1F025472009E08A0 /* ELRenderer.h */ = {isa = PBXFileReference; fileEncoding = 4; lastKnownFileType = sourcecode.c.h; path = ELRenderer.h; sourceTree = "<group>"; };
		D323D42C1F025472009E08A0 /* ELRenderPass.h */ = {isa = PBXFileReference; fileEncoding = 4; lastKnownFileType = sourcecode.c.h; path = ELRenderPass.h; sourceTree = "<group>"; };
		D323D42D1F025472009E08A0 /* ELRenderPipline.h */ = {isa = PBXFileReference; fileEncoding = 4; lastKnownFileType = sourcecode.c.h; path = ELRenderPipline.h; sourceTree = "<group>"; };
		D323D42E1F025472009E08A0 /* ELRenderTarget.h */ = {isa = PBXFileReference; fileEncoding = 4; lastKnownFileType = sourcecode.c.h; path = ELRenderTarget.h; sourceTree = "<group>"; };
		D323D42F1F025472009E08A0 /* ELTexture.h */ = {isa = PBXFileReference; fileEncoding = 4; lastKnownFileType = sourcecode.c.h; path = ELTexture.h; sourceTree = "<group>"; };
		D323D4301F025472009E08A0 /* ELVertexBuffer.h */ = {isa = PBXFileReference; fileEncoding = 4; lastKnownFileType = sourcecode.c.h; path = ELVertexBuffer.h; sourceTree = "<group>"; };
		D323D4321F025472009E08A0 /* ELGeometryTypes.h */ = {isa = PBXFileReference; fileEncoding = 4; lastKnownFileType = sourcecode.c.h; path = ELGeometryTypes.h; sourceTree = "<group>"; };
		D323D4331F025472009E08A0 /* ELMatrix3.h */ = {isa = PBXFileReference; fileEncoding = 4; lastKnownFileType = sourcecode.c.h; path = ELMatrix3.h; sourceTree = "<group>"; };
		D323D4341F025472009E08A0 /* ELMatrix4.h */ = {isa = PBXFileReference; fileEncoding = 4; lastKnownFileType = sourcecode.c.h; path = ELMatrix4.h; sourceTree = "<group>"; };
		D323D4351F025472009E08A0 /* ELPixelFormat.h */ = {isa = PBXFileReference; fileEncoding = 4; lastKnownFileType = sourcecode.c.h; path = ELPixelFormat.h; sourceTree = "<group>"; };
		D323D4361F025472009E08A0 /* ELQuaternion.h */ = {isa = PBXFileReference; fileEncoding = 4; lastKnownFileType = sourcecode.c.h; path = ELQuaternion.h; sourceTree = "<group>"; };
		D323D4371F025472009E08A0 /* ELTransform.h */ = {isa = PBXFileReference; fileEncoding = 4; lastKnownFileType = sourcecode.c.h; path = ELTransform.h; sourceTree = "<group>"; };
		D323D4381F025472009E08A0 /* ELVector2.h */ = {isa = PBXFileReference; fileEncoding = 4; lastKnownFileType = sourcecode.c.h; path = ELVector2.h; sourceTree = "<group>"; };
		D323D4391F025472009E08A0 /* ELVector3.h */ = {isa = PBXFileReference; fileEncoding = 4; lastKnownFileType = sourcecode.c.h; path = ELVector3.h; sourceTree = "<group>"; };
		D323D43A1F025472009E08A0 /* ELVector4.h */ = {isa = PBXFileReference; fileEncoding = 4; lastKnownFileType = sourcecode.c.h; path = ELVector4.h; sourceTree = "<group>"; };
		D323D43B1F025472009E08A0 /* EZGLBasicTypes.h */ = {isa = PBXFileReference; fileEncoding = 4; lastKnownFileType = sourcecode.c.h; path = EZGLBasicTypes.h; sourceTree = "<group>"; };
		D323D43C1F025472009E08A0 /* EZGLMatrixTypes.h */ = {isa = PBXFileReference; fileEncoding = 4; lastKnownFileType = sourcecode.c.h; path = EZGLMatrixTypes.h; sourceTree = "<group>"; };
		D323D43D1F025472009E08A0 /* EZGLTypes.h */ = {isa = PBXFileReference; fileEncoding = 4; lastKnownFileType = sourcecode.c.h; path = EZGLTypes.h; sourceTree = "<group>"; };
		D323D43E1F025472009E08A0 /* EZGLVectorTypes.h */ = {isa = PBXFileReference; fileEncoding = 4; lastKnownFileType = sourcecode.c.h; path = EZGLVectorTypes.h; sourceTree = "<group>"; };
		D323D4401F025472009E08A0 /* ELAssets.cpp */ = {isa = PBXFileReference; fileEncoding = 4; lastKnownFileType = sourcecode.cpp.cpp; path = ELAssets.cpp; sourceTree = "<group>"; };
		D323D4411F025472009E08A0 /* ELAssets.h */ = {isa = PBXFileReference; fileEncoding = 4; lastKnownFileType = sourcecode.c.h; path = ELAssets.h; sourceTree = "<group>"; };
		D323D4421F025472009E08A0 /* ELFileUtil.cpp */ = {isa = PBXFileReference; fileEncoding = 4; lastKnownFileType = sourcecode.cpp.cpp; path = ELFileUtil.cpp; sourceTree = "<group>"; };
		D323D4431F025472009E08A0 /* ELFileUtil.h */ = {isa = PBXFileReference; fileEncoding = 4; lastKnownFileType = sourcecode.c.h; path = ELFileUtil.h; sourceTree = "<group>"; };
		D323D4441F025472009E08A0 /* ELUtils.h */ = {isa = PBXFileReference; fileEncoding = 4; lastKnownFileType = sourcecode.c.h; path = ELUtils.h; sourceTree = "<group>"; };
		D323D4461F025472009E08A0 /* CMakeLists.txt */ = {isa = PBXFileReference; fileEncoding = 4; lastKnownFileType = text; path = CMakeLists.txt; sourceTree = "<group>"; };
		D323D4481F025472009E08A0 /* CMakeLists.txt */ = {isa = PBXFileReference; fileEncoding = 4; lastKnownFileType = text; path = CMakeLists.txt; sourceTree = "<group>"; };
		D323D44A1F025472009E08A0 /* AlphaTestTests.cpp */ = {isa = PBXFileReference; fileEncoding = 4; lastKnownFileType = sourcecode.cpp.cpp; path = AlphaTestTests.cpp; sourceTree = "<group>"; };
		D323D44B1F025472009E08A0 /* AlphaTestTests.h */ = {isa = PBXFileReference; fileEncoding = 4; lastKnownFileType = sourcecode.c.h; path = AlphaTestTests.h; sourceTree = "<group>"; };
		D323D44C1F025472009E08A0 /* BasicFlowTests.cpp */ = {isa = PBXFileReference; fileEncoding = 4; lastKnownFileType = sourcecode.cpp.cpp; path = BasicFlowTests.cpp; sourceTree = "<group>"; };
		D323D44D1F025472009E08A0 /* BasicFlowTests.h */ = {isa = PBXFileReference; fileEncoding = 4; lastKnownFileType = sourcecode.c.h; path = BasicFlowTests.h; sourceTree = "<group>"; };
		D323D44E1F025472009E08A0 /* BlendModeTests.cpp */ = {isa = PBXFileReference; fileEncoding = 4; lastKnownFileType = sourcecode.cpp.cpp; path = BlendModeTests.cpp; sourceTree = "<group>"; };
		D323D44F1F025472009E08A0 /* BlendModeTests.h */ = {isa = PBXFileReference; fileEncoding = 4; lastKnownFileType = sourcecode.c.h; path = BlendModeTests.h; sourceTree = "<group>"; };
		D323D4501F025472009E08A0 /* CMakeLists.txt */ = {isa = PBXFileReference; fileEncoding = 4; lastKnownFileType = text; path = CMakeLists.txt; sourceTree = "<group>"; };
		D323D4511F025472009E08A0 /* DepthTestTests.cpp */ = {isa = PBXFileReference; fileEncoding = 4; lastKnownFileType = sourcecode.cpp.cpp; path = DepthTestTests.cpp; sourceTree = "<group>"; };
		D323D4521F025472009E08A0 /* DepthTestTests.h */ = {isa = PBXFileReference; fileEncoding = 4; lastKnownFileType = sourcecode.c.h; path = DepthTestTests.h; sourceTree = "<group>"; };
		D323D4531F025472009E08A0 /* IndexBufferTests.cpp */ = {isa = PBXFileReference; fileEncoding = 4; lastKnownFileType = sourcecode.cpp.cpp; path = IndexBufferTests.cpp; sourceTree = "<group>"; };
		D323D4541F025472009E08A0 /* IndexBufferTests.h */ = {isa = PBXFileReference; fileEncoding = 4; lastKnownFileType = sourcecode.c.h; path = IndexBufferTests.h; sourceTree = "<group>"; };
		D323D4551F025472009E08A0 /* MultiBufferTests.cpp */ = {isa = PBXFileReference; fileEncoding = 4; lastKnownFileType = sourcecode.cpp.cpp; path = MultiBufferTests.cpp; sourceTree = "<group>"; };
		D323D4561F025472009E08A0 /* MultiBufferTests.h */ = {isa = PBXFileReference; fileEncoding = 4; lastKnownFileType = sourcecode.c.h; path = MultiBufferTests.h; sourceTree = "<group>"; };
		D323D4571F025472009E08A0 /* StencilTestTests.cpp */ = {isa = PBXFileReference; fileEncoding = 4; lastKnownFileType = sourcecode.cpp.cpp; path = StencilTestTests.cpp; sourceTree = "<group>"; };
		D323D4581F025472009E08A0 /* StencilTestTests.h */ = {isa = PBXFileReference; fileEncoding = 4; lastKnownFileType = sourcecode.c.h; path = StencilTestTests.h; sourceTree = "<group>"; };
		D323D4591F025472009E08A0 /* TestScene.cpp */ = {isa = PBXFileReference; fileEncoding = 4; lastKnownFileType = sourcecode.cpp.cpp; path = TestScene.cpp; sourceTree = "<group>"; };
		D323D45A1F025472009E08A0 /* TestScene.h */ = {isa = PBXFileReference; fileEncoding = 4; lastKnownFileType = sourcecode.c.h; path = TestScene.h; sourceTree = "<group>"; };
		D323D45C1F025472009E08A0 /* CMakeLists.txt */ = {isa = PBXFileReference; fileEncoding = 4; lastKnownFileType = text; path = CMakeLists.txt; sourceTree = "<group>"; };
		D358CA141EFBBD5600179E2F /* NSObjectHolder.h */ = {isa = PBXFileReference; lastKnownFileType = sourcecode.c.h; path = NSObjectHolder.h; sourceTree = "<group>"; };
		D358CA151EFBBD5600179E2F /* NSObjectHolder.m */ = {isa = PBXFileReference; lastKnownFileType = sourcecode.c.objc; path = NSObjectHolder.m; sourceTree = "<group>"; };
		D3A23A771EFCF7780072C068 /* PlatformTestsViewController.h */ = {isa = PBXFileReference; lastKnownFileType = sourcecode.c.h; path = PlatformTestsViewController.h; sourceTree = "<group>"; };
		D3A23A781EFCF7780072C068 /* PlatformTestsViewController.mm */ = {isa = PBXFileReference; lastKnownFileType = sourcecode.cpp.objcpp; path = PlatformTestsViewController.mm; sourceTree = "<group>"; };
		D3AF49461EFB9E73009D94CD /* metal.app */ = {isa = PBXFileReference; explicitFileType = wrapper.application; includeInIndex = 0; path = metal.app; sourceTree = BUILT_PRODUCTS_DIR; };
		D3AF49661EFBA023009D94CD /* AppDelegate.h */ = {isa = PBXFileReference; lastKnownFileType = sourcecode.c.h; path = AppDelegate.h; sourceTree = "<group>"; };
		D3AF49671EFBA023009D94CD /* AppDelegate.m */ = {isa = PBXFileReference; lastKnownFileType = sourcecode.c.objc; path = AppDelegate.m; sourceTree = "<group>"; };
		D3AF49681EFBA023009D94CD /* Assets.xcassets */ = {isa = PBXFileReference; lastKnownFileType = folder.assetcatalog; path = Assets.xcassets; sourceTree = "<group>"; };
		D3AF496A1EFBA023009D94CD /* Base */ = {isa = PBXFileReference; lastKnownFileType = file.xib; name = Base; path = Base.lproj/MainMenu.xib; sourceTree = "<group>"; };
		D3AF496D1EFBA023009D94CD /* Info.plist */ = {isa = PBXFileReference; lastKnownFileType = text.plist.xml; path = Info.plist; sourceTree = "<group>"; };
		D3AF496E1EFBA023009D94CD /* main.m */ = {isa = PBXFileReference; lastKnownFileType = sourcecode.c.objc; path = main.m; sourceTree = "<group>"; };
		D3AF49721EFBA023009D94CD /* Shaders.metal */ = {isa = PBXFileReference; lastKnownFileType = sourcecode.metal; path = Shaders.metal; sourceTree = "<group>"; };
		D3AF49D41EFBA21D009D94CD /* ELVertexBuffer.mm */ = {isa = PBXFileReference; lastKnownFileType = sourcecode.cpp.objcpp; path = ELVertexBuffer.mm; sourceTree = "<group>"; };
		D3AF49D51EFBA21D009D94CD /* ELRenderPipline.mm */ = {isa = PBXFileReference; lastKnownFileType = sourcecode.cpp.objcpp; path = ELRenderPipline.mm; sourceTree = "<group>"; };
		D3AF49D61EFBA21D009D94CD /* ELMetalAdapter.h */ = {isa = PBXFileReference; lastKnownFileType = sourcecode.c.h; path = ELMetalAdapter.h; sourceTree = "<group>"; };
		D3AF49D71EFBA21D009D94CD /* ELMetalAdapter.mm */ = {isa = PBXFileReference; lastKnownFileType = sourcecode.cpp.objcpp; path = ELMetalAdapter.mm; sourceTree = "<group>"; };
		D3AF49D81EFBA21D009D94CD /* ELRenderTarget.mm */ = {isa = PBXFileReference; lastKnownFileType = sourcecode.cpp.objcpp; path = ELRenderTarget.mm; sourceTree = "<group>"; };
		D3AF49D91EFBA21D009D94CD /* ELRenderer.mm */ = {isa = PBXFileReference; lastKnownFileType = sourcecode.cpp.objcpp; path = ELRenderer.mm; sourceTree = "<group>"; };
		D3AF49DA1EFBA21D009D94CD /* ELRenderPass.mm */ = {isa = PBXFileReference; lastKnownFileType = sourcecode.cpp.objcpp; path = ELRenderPass.mm; sourceTree = "<group>"; };
		D3AF49DB1EFBA21D009D94CD /* ELTexture.mm */ = {isa = PBXFileReference; lastKnownFileType = sourcecode.cpp.objcpp; path = ELTexture.mm; sourceTree = "<group>"; };
		D3E6F0161EFCE57300B94C65 /* texture.jpg */ = {isa = PBXFileReference; lastKnownFileType = image.jpeg; path = texture.jpg; sourceTree = "<group>"; };
/* End PBXFileReference section */

/* Begin PBXFrameworksBuildPhase section */
		D3AF49431EFB9E73009D94CD /* Frameworks */ = {
			isa = PBXFrameworksBuildPhase;
			buildActionMask = 2147483647;
			files = (
			);
			runOnlyForDeploymentPostprocessing = 0;
		};
/* End PBXFrameworksBuildPhase section */

/* Begin PBXGroup section */
		D323D41A1F025472009E08A0 /* ezgl */ = {
			isa = PBXGroup;
			children = (
				D323D41B1F025472009E08A0 /* .idea */,
				D323D4201F025472009E08A0 /* CMakeLists.txt */,
				D323D4211F025472009E08A0 /* EZGL.cpp */,
				D323D4221F025472009E08A0 /* EZGL.hpp */,
				D323D4231F025472009E08A0 /* platform */,
				D323D4451F025472009E08A0 /* renderer */,
			);
			name = ezgl;
			path = ../../../ezgl;
			sourceTree = "<group>";
		};
		D323D41B1F025472009E08A0 /* .idea */ = {
			isa = PBXGroup;
			children = (
				D323D41C1F025472009E08A0 /* ezgl.iml */,
				D323D41D1F025472009E08A0 /* misc.xml */,
				D323D41E1F025472009E08A0 /* modules.xml */,
				D323D41F1F025472009E08A0 /* workspace.xml */,
			);
			path = .idea;
			sourceTree = "<group>";
		};
		D323D4231F025472009E08A0 /* platform */ = {
			isa = PBXGroup;
			children = (
				D323D4241F025472009E08A0 /* CMakeLists.txt */,
				D323D4251F025472009E08A0 /* ELAdapter.h */,
				D323D4261F025472009E08A0 /* ELCompositionVertexBuffer.h */,
				D323D4271F025472009E08A0 /* ELCppBase.h */,
				D323D4281F025472009E08A0 /* ELCrossPlatformObject.cpp */,
				D323D4291F025472009E08A0 /* ELCrossPlatformObject.h */,
				D323D42A1F025472009E08A0 /* ELPlatform.h */,
				D323D42B1F025472009E08A0 /* ELRenderer.h */,
				D323D42C1F025472009E08A0 /* ELRenderPass.h */,
				D323D42D1F025472009E08A0 /* ELRenderPipline.h */,
				D323D42E1F025472009E08A0 /* ELRenderTarget.h */,
				D323D42F1F025472009E08A0 /* ELTexture.h */,
				D323D4301F025472009E08A0 /* ELVertexBuffer.h */,
				D323D4311F025472009E08A0 /* types */,
				D323D43F1F025472009E08A0 /* utils */,
			);
			path = platform;
			sourceTree = "<group>";
		};
		D323D4311F025472009E08A0 /* types */ = {
			isa = PBXGroup;
			children = (
				D323D4321F025472009E08A0 /* ELGeometryTypes.h */,
				D323D4331F025472009E08A0 /* ELMatrix3.h */,
				D323D4341F025472009E08A0 /* ELMatrix4.h */,
				D323D4351F025472009E08A0 /* ELPixelFormat.h */,
				D323D4361F025472009E08A0 /* ELQuaternion.h */,
				D323D4371F025472009E08A0 /* ELTransform.h */,
				D323D4381F025472009E08A0 /* ELVector2.h */,
				D323D4391F025472009E08A0 /* ELVector3.h */,
				D323D43A1F025472009E08A0 /* ELVector4.h */,
				D323D43B1F025472009E08A0 /* EZGLBasicTypes.h */,
				D323D43C1F025472009E08A0 /* EZGLMatrixTypes.h */,
				D323D43D1F025472009E08A0 /* EZGLTypes.h */,
				D323D43E1F025472009E08A0 /* EZGLVectorTypes.h */,
			);
			path = types;
			sourceTree = "<group>";
		};
		D323D43F1F025472009E08A0 /* utils */ = {
			isa = PBXGroup;
			children = (
				D323D4401F025472009E08A0 /* ELAssets.cpp */,
				D323D4411F025472009E08A0 /* ELAssets.h */,
				D323D4421F025472009E08A0 /* ELFileUtil.cpp */,
				D323D4431F025472009E08A0 /* ELFileUtil.h */,
				D323D4441F025472009E08A0 /* ELUtils.h */,
			);
			path = utils;
			sourceTree = "<group>";
		};
		D323D4451F025472009E08A0 /* renderer */ = {
			isa = PBXGroup;
			children = (
				D323D4461F025472009E08A0 /* CMakeLists.txt */,
			);
			path = renderer;
			sourceTree = "<group>";
		};
		D323D4471F025472009E08A0 /* tests */ = {
			isa = PBXGroup;
			children = (
				D323D4481F025472009E08A0 /* CMakeLists.txt */,
				D323D4491F025472009E08A0 /* platform */,
				D323D45B1F025472009E08A0 /* renderer */,
			);
			name = tests;
			path = ../../../tests;
			sourceTree = "<group>";
		};
		D323D4491F025472009E08A0 /* platform */ = {
			isa = PBXGroup;
			children = (
				D323D44A1F025472009E08A0 /* AlphaTestTests.cpp */,
				D323D44B1F025472009E08A0 /* AlphaTestTests.h */,
				D323D44C1F025472009E08A0 /* BasicFlowTests.cpp */,
				D323D44D1F025472009E08A0 /* BasicFlowTests.h */,
				D323D44E1F025472009E08A0 /* BlendModeTests.cpp */,
				D323D44F1F025472009E08A0 /* BlendModeTests.h */,
				D323D4501F025472009E08A0 /* CMakeLists.txt */,
				D323D4511F025472009E08A0 /* DepthTestTests.cpp */,
				D323D4521F025472009E08A0 /* DepthTestTests.h */,
				D323D4531F025472009E08A0 /* IndexBufferTests.cpp */,
				D323D4541F025472009E08A0 /* IndexBufferTests.h */,
				D323D4551F025472009E08A0 /* MultiBufferTests.cpp */,
				D323D4561F025472009E08A0 /* MultiBufferTests.h */,
				D323D4571F025472009E08A0 /* StencilTestTests.cpp */,
				D323D4581F025472009E08A0 /* StencilTestTests.h */,
				D323D4591F025472009E08A0 /* TestScene.cpp */,
				D323D45A1F025472009E08A0 /* TestScene.h */,
			);
			path = platform;
			sourceTree = "<group>";
		};
		D323D45B1F025472009E08A0 /* renderer */ = {
			isa = PBXGroup;
			children = (
				D323D45C1F025472009E08A0 /* CMakeLists.txt */,
			);
			path = renderer;
			sourceTree = "<group>";
		};
		D3AF493D1EFB9E72009D94CD = {
			isa = PBXGroup;
			children = (
				D3AF49481EFB9E73009D94CD /* metal */,
				D3AF49471EFB9E73009D94CD /* Products */,
			);
			sourceTree = "<group>";
		};
		D3AF49471EFB9E73009D94CD /* Products */ = {
			isa = PBXGroup;
			children = (
				D3AF49461EFB9E73009D94CD /* metal.app */,
			);
			name = Products;
			sourceTree = "<group>";
		};
		D3AF49481EFB9E73009D94CD /* metal */ = {
			isa = PBXGroup;
			children = (
				D323D41A1F025472009E08A0 /* ezgl */,
				D323D4471F025472009E08A0 /* tests */,
				D3AF49CF1EFBA10F009D94CD /* impl_Metal */,
				D3AF49651EFBA023009D94CD /* AppBase */,
			);
			path = metal;
			sourceTree = "<group>";
		};
		D3AF49651EFBA023009D94CD /* AppBase */ = {
			isa = PBXGroup;
			children = (
				D3E6F0161EFCE57300B94C65 /* texture.jpg */,
				D31C95EC1EFBA749007774C5 /* GameViewController.h */,
				D31C95EB1EFBA749007774C5 /* GameViewController.mm */,
				D3AF49661EFBA023009D94CD /* AppDelegate.h */,
				D3AF49671EFBA023009D94CD /* AppDelegate.m */,
				D3AF49681EFBA023009D94CD /* Assets.xcassets */,
				D3AF49691EFBA023009D94CD /* MainMenu.xib */,
				D3AF496D1EFBA023009D94CD /* Info.plist */,
				D3AF496E1EFBA023009D94CD /* main.m */,
				D3AF49721EFBA023009D94CD /* Shaders.metal */,
				D3A23A771EFCF7780072C068 /* PlatformTestsViewController.h */,
				D3A23A781EFCF7780072C068 /* PlatformTestsViewController.mm */,
			);
			path = AppBase;
			sourceTree = "<group>";
		};
		D3AF49CF1EFBA10F009D94CD /* impl_Metal */ = {
			isa = PBXGroup;
			children = (
				D31169FA1EFBB35D00E50855 /* MetalRenderContextProvider.h */,
				D3AF49D71EFBA21D009D94CD /* ELMetalAdapter.mm */,
				D3AF49D61EFBA21D009D94CD /* ELMetalAdapter.h */,
				D3AF49D91EFBA21D009D94CD /* ELRenderer.mm */,
				D3AF49DA1EFBA21D009D94CD /* ELRenderPass.mm */,
				D3AF49D51EFBA21D009D94CD /* ELRenderPipline.mm */,
				D3AF49D81EFBA21D009D94CD /* ELRenderTarget.mm */,
				D3AF49DB1EFBA21D009D94CD /* ELTexture.mm */,
				D3AF49D41EFBA21D009D94CD /* ELVertexBuffer.mm */,
				D358CA141EFBBD5600179E2F /* NSObjectHolder.h */,
				D358CA151EFBBD5600179E2F /* NSObjectHolder.m */,
			);
			path = impl_Metal;
			sourceTree = "<group>";
		};
/* End PBXGroup section */

/* Begin PBXNativeTarget section */
		D3AF49451EFB9E73009D94CD /* metal */ = {
			isa = PBXNativeTarget;
			buildConfigurationList = D3AF49601EFB9E73009D94CD /* Build configuration list for PBXNativeTarget "metal" */;
			buildPhases = (
				D3AF49421EFB9E73009D94CD /* Sources */,
				D3AF49431EFB9E73009D94CD /* Frameworks */,
				D3AF49441EFB9E73009D94CD /* Resources */,
			);
			buildRules = (
			);
			dependencies = (
			);
			name = metal;
			productName = metal;
			productReference = D3AF49461EFB9E73009D94CD /* metal.app */;
			productType = "com.apple.product-type.application";
		};
/* End PBXNativeTarget section */

/* Begin PBXProject section */
		D3AF493E1EFB9E73009D94CD /* Project object */ = {
			isa = PBXProject;
			attributes = {
				LastUpgradeCheck = 0900;
				ORGANIZATIONNAME = "wang yang";
				TargetAttributes = {
					D3AF49451EFB9E73009D94CD = {
						CreatedOnToolsVersion = 9.0;
					};
				};
			};
			buildConfigurationList = D3AF49411EFB9E73009D94CD /* Build configuration list for PBXProject "metal" */;
			compatibilityVersion = "Xcode 8.0";
			developmentRegion = en;
			hasScannedForEncodings = 0;
			knownRegions = (
				en,
				Base,
			);
			mainGroup = D3AF493D1EFB9E72009D94CD;
			productRefGroup = D3AF49471EFB9E73009D94CD /* Products */;
			projectDirPath = "";
			projectRoot = "";
			targets = (
				D3AF49451EFB9E73009D94CD /* metal */,
			);
		};
/* End PBXProject section */

/* Begin PBXResourcesBuildPhase section */
		D3AF49441EFB9E73009D94CD /* Resources */ = {
			isa = PBXResourcesBuildPhase;
			buildActionMask = 2147483647;
			files = (
				D323D4601F025472009E08A0 /* workspace.xml in Resources */,
				D3AF49741EFBA06B009D94CD /* MainMenu.xib in Resources */,
				D323D45E1F025472009E08A0 /* misc.xml in Resources */,
				D31169F81EFBB11000E50855 /* Shaders.metal in Resources */,
				D323D4671F025472009E08A0 /* CMakeLists.txt in Resources */,
				D323D4681F025472009E08A0 /* CMakeLists.txt in Resources */,
				D323D4611F025472009E08A0 /* CMakeLists.txt in Resources */,
				D323D45D1F025472009E08A0 /* ezgl.iml in Resources */,
				D323D46C1F025472009E08A0 /* CMakeLists.txt in Resources */,
				D3E6F0171EFCE58300B94C65 /* texture.jpg in Resources */,
				D323D45F1F025472009E08A0 /* modules.xml in Resources */,
				D323D4631F025472009E08A0 /* CMakeLists.txt in Resources */,
				D323D4721F025472009E08A0 /* CMakeLists.txt in Resources */,
			);
			runOnlyForDeploymentPostprocessing = 0;
		};
/* End PBXResourcesBuildPhase section */

/* Begin PBXSourcesBuildPhase section */
		D3AF49421EFB9E73009D94CD /* Sources */ = {
			isa = PBXSourcesBuildPhase;
			buildActionMask = 2147483647;
			files = (
				D31C95ED1EFBA7F4007774C5 /* GameViewController.mm in Sources */,
				D3AF49DC1EFBA299009D94CD /* ELMetalAdapter.mm in Sources */,
				D323D46B1F025472009E08A0 /* BlendModeTests.cpp in Sources */,
				D323D46D1F025472009E08A0 /* DepthTestTests.cpp in Sources */,
				D323D4701F025472009E08A0 /* StencilTestTests.cpp in Sources */,
				D3A23A791EFCF7780072C068 /* PlatformTestsViewController.mm in Sources */,
				D323D4691F025472009E08A0 /* AlphaTestTests.cpp in Sources */,
				D3AF49DE1EFBA29D009D94CD /* ELRenderPass.mm in Sources */,
				D323D4621F025472009E08A0 /* EZGL.cpp in Sources */,
				D3AF49E01EFBA29E009D94CD /* ELRenderTarget.mm in Sources */,
				D3AF49DD1EFBA29C009D94CD /* ELRenderer.mm in Sources */,
				D3AF49E11EFBA29F009D94CD /* ELTexture.mm in Sources */,
				D323D4711F025472009E08A0 /* TestScene.cpp in Sources */,
				D358CA161EFBBD5600179E2F /* NSObjectHolder.m in Sources */,
				D3AF49E21EFBA2A0009D94CD /* ELVertexBuffer.mm in Sources */,
				D323D4651F025472009E08A0 /* ELAssets.cpp in Sources */,
				D323D46E1F025472009E08A0 /* IndexBufferTests.cpp in Sources */,
				D323D46F1F025472009E08A0 /* MultiBufferTests.cpp in Sources */,
				D3AF49DF1EFBA29E009D94CD /* ELRenderPipline.mm in Sources */,
				D323D4641F025472009E08A0 /* ELCrossPlatformObject.cpp in Sources */,
				D323D46A1F025472009E08A0 /* BasicFlowTests.cpp in Sources */,
				D3AF49D21EFBA1E0009D94CD /* AppDelegate.m in Sources */,
				D323D4661F025472009E08A0 /* ELFileUtil.cpp in Sources */,
				D3AF49D01EFBA1D2009D94CD /* main.m in Sources */,
			);
			runOnlyForDeploymentPostprocessing = 0;
		};
/* End PBXSourcesBuildPhase section */

/* Begin PBXVariantGroup section */
		D3AF49691EFBA023009D94CD /* MainMenu.xib */ = {
			isa = PBXVariantGroup;
			children = (
				D3AF496A1EFBA023009D94CD /* Base */,
			);
			name = MainMenu.xib;
			sourceTree = "<group>";
		};
/* End PBXVariantGroup section */

/* Begin XCBuildConfiguration section */
		D3AF495E1EFB9E73009D94CD /* Debug */ = {
			isa = XCBuildConfiguration;
			buildSettings = {
				ALWAYS_SEARCH_USER_PATHS = NO;
				CLANG_ANALYZER_NONNULL = YES;
				CLANG_ANALYZER_NUMBER_OBJECT_CONVERSION = YES_AGGRESSIVE;
				CLANG_CXX_LANGUAGE_STANDARD = "gnu++14";
				CLANG_CXX_LIBRARY = "libc++";
				CLANG_ENABLE_MODULES = YES;
				CLANG_ENABLE_OBJC_ARC = YES;
				CLANG_WARN_BLOCK_CAPTURE_AUTORELEASING = YES;
				CLANG_WARN_BOOL_CONVERSION = YES;
				CLANG_WARN_COMMA = YES;
				CLANG_WARN_CONSTANT_CONVERSION = YES;
				CLANG_WARN_DIRECT_OBJC_ISA_USAGE = YES_ERROR;
				CLANG_WARN_DOCUMENTATION_COMMENTS = YES;
				CLANG_WARN_EMPTY_BODY = YES;
				CLANG_WARN_ENUM_CONVERSION = YES;
				CLANG_WARN_INFINITE_RECURSION = YES;
				CLANG_WARN_INT_CONVERSION = YES;
				CLANG_WARN_OBJC_ROOT_CLASS = YES_ERROR;
				CLANG_WARN_RANGE_LOOP_ANALYSIS = YES;
				CLANG_WARN_STRICT_PROTOTYPES = YES;
				CLANG_WARN_SUSPICIOUS_MOVE = YES;
				CLANG_WARN_UNGUARDED_AVAILABILITY = YES_AGGRESSIVE;
				CLANG_WARN_UNREACHABLE_CODE = YES;
				CLANG_WARN__DUPLICATE_METHOD_MATCH = YES;
				CODE_SIGN_IDENTITY = "Mac Developer";
				COPY_PHASE_STRIP = NO;
				DEBUG_INFORMATION_FORMAT = dwarf;
				ENABLE_STRICT_OBJC_MSGSEND = YES;
				ENABLE_TESTABILITY = YES;
				GCC_C_LANGUAGE_STANDARD = gnu11;
				GCC_DYNAMIC_NO_PIC = NO;
				GCC_NO_COMMON_BLOCKS = YES;
				GCC_OPTIMIZATION_LEVEL = 0;
				GCC_PREPROCESSOR_DEFINITIONS = (
					"DEBUG=1",
					"$(inherited)",
				);
				GCC_WARN_64_TO_32_BIT_CONVERSION = YES;
				GCC_WARN_ABOUT_RETURN_TYPE = YES_ERROR;
				GCC_WARN_UNDECLARED_SELECTOR = YES;
				GCC_WARN_UNINITIALIZED_AUTOS = YES_AGGRESSIVE;
				GCC_WARN_UNUSED_FUNCTION = YES;
				GCC_WARN_UNUSED_VARIABLE = YES;
				MACOSX_DEPLOYMENT_TARGET = 10.12;
				MTL_ENABLE_DEBUG_INFO = YES;
				ONLY_ACTIVE_ARCH = YES;
				SDKROOT = macosx;
			};
			name = Debug;
		};
		D3AF495F1EFB9E73009D94CD /* Release */ = {
			isa = XCBuildConfiguration;
			buildSettings = {
				ALWAYS_SEARCH_USER_PATHS = NO;
				CLANG_ANALYZER_NONNULL = YES;
				CLANG_ANALYZER_NUMBER_OBJECT_CONVERSION = YES_AGGRESSIVE;
				CLANG_CXX_LANGUAGE_STANDARD = "gnu++14";
				CLANG_CXX_LIBRARY = "libc++";
				CLANG_ENABLE_MODULES = YES;
				CLANG_ENABLE_OBJC_ARC = YES;
				CLANG_WARN_BLOCK_CAPTURE_AUTORELEASING = YES;
				CLANG_WARN_BOOL_CONVERSION = YES;
				CLANG_WARN_COMMA = YES;
				CLANG_WARN_CONSTANT_CONVERSION = YES;
				CLANG_WARN_DIRECT_OBJC_ISA_USAGE = YES_ERROR;
				CLANG_WARN_DOCUMENTATION_COMMENTS = YES;
				CLANG_WARN_EMPTY_BODY = YES;
				CLANG_WARN_ENUM_CONVERSION = YES;
				CLANG_WARN_INFINITE_RECURSION = YES;
				CLANG_WARN_INT_CONVERSION = YES;
				CLANG_WARN_OBJC_ROOT_CLASS = YES_ERROR;
				CLANG_WARN_RANGE_LOOP_ANALYSIS = YES;
				CLANG_WARN_STRICT_PROTOTYPES = YES;
				CLANG_WARN_SUSPICIOUS_MOVE = YES;
				CLANG_WARN_UNGUARDED_AVAILABILITY = YES_AGGRESSIVE;
				CLANG_WARN_UNREACHABLE_CODE = YES;
				CLANG_WARN__DUPLICATE_METHOD_MATCH = YES;
				CODE_SIGN_IDENTITY = "Mac Developer";
				COPY_PHASE_STRIP = NO;
				DEBUG_INFORMATION_FORMAT = "dwarf-with-dsym";
				ENABLE_NS_ASSERTIONS = NO;
				ENABLE_STRICT_OBJC_MSGSEND = YES;
				GCC_C_LANGUAGE_STANDARD = gnu11;
				GCC_NO_COMMON_BLOCKS = YES;
				GCC_WARN_64_TO_32_BIT_CONVERSION = YES;
				GCC_WARN_ABOUT_RETURN_TYPE = YES_ERROR;
				GCC_WARN_UNDECLARED_SELECTOR = YES;
				GCC_WARN_UNINITIALIZED_AUTOS = YES_AGGRESSIVE;
				GCC_WARN_UNUSED_FUNCTION = YES;
				GCC_WARN_UNUSED_VARIABLE = YES;
				MACOSX_DEPLOYMENT_TARGET = 10.12;
				MTL_ENABLE_DEBUG_INFO = NO;
				SDKROOT = macosx;
			};
			name = Release;
		};
		D3AF49611EFB9E73009D94CD /* Debug */ = {
			isa = XCBuildConfiguration;
			buildSettings = {
				ASSETCATALOG_COMPILER_APPICON_NAME = AppIcon;
				CLANG_CXX_LANGUAGE_STANDARD = "c++0x";
				CLANG_CXX_LIBRARY = "libc++";
				CODE_SIGN_ENTITLEMENTS = metal/metal.entitlements;
				COMBINE_HIDPI_IMAGES = YES;
				DEVELOPMENT_TEAM = P48344HVQL;
				GCC_PREPROCESSOR_DEFINITIONS = "UseMetal=1";
				INFOPLIST_FILE = "$(SRCROOT)/metal/AppBase/Info.plist";
				LD_RUNPATH_SEARCH_PATHS = "$(inherited) @executable_path/../Frameworks";
				PRODUCT_BUNDLE_IDENTIFIER = me.ocean.metal;
				PRODUCT_NAME = "$(TARGET_NAME)";
				USER_HEADER_SEARCH_PATHS = "${SRCROOT}/../../ezgl ${SRCROOT}/../../tests";
			};
			name = Debug;
		};
		D3AF49621EFB9E73009D94CD /* Release */ = {
			isa = XCBuildConfiguration;
			buildSettings = {
				ASSETCATALOG_COMPILER_APPICON_NAME = AppIcon;
				CLANG_CXX_LANGUAGE_STANDARD = "c++0x";
				CLANG_CXX_LIBRARY = "libc++";
				CODE_SIGN_ENTITLEMENTS = metal/metal.entitlements;
				COMBINE_HIDPI_IMAGES = YES;
				DEVELOPMENT_TEAM = P48344HVQL;
				GCC_PREPROCESSOR_DEFINITIONS = "UseMetal=1";
				INFOPLIST_FILE = "$(SRCROOT)/metal/AppBase/Info.plist";
				LD_RUNPATH_SEARCH_PATHS = "$(inherited) @executable_path/../Frameworks";
				PRODUCT_BUNDLE_IDENTIFIER = me.ocean.metal;
				PRODUCT_NAME = "$(TARGET_NAME)";
				USER_HEADER_SEARCH_PATHS = "${SRCROOT}/../../ezgl ${SRCROOT}/../../tests";
			};
			name = Release;
		};
/* End XCBuildConfiguration section */

/* Begin XCConfigurationList section */
		D3AF49411EFB9E73009D94CD /* Build configuration list for PBXProject "metal" */ = {
			isa = XCConfigurationList;
			buildConfigurations = (
				D3AF495E1EFB9E73009D94CD /* Debug */,
				D3AF495F1EFB9E73009D94CD /* Release */,
			);
			defaultConfigurationIsVisible = 0;
			defaultConfigurationName = Release;
		};
		D3AF49601EFB9E73009D94CD /* Build configuration list for PBXNativeTarget "metal" */ = {
			isa = XCConfigurationList;
			buildConfigurations = (
				D3AF49611EFB9E73009D94CD /* Debug */,
				D3AF49621EFB9E73009D94CD /* Release */,
			);
			defaultConfigurationIsVisible = 0;
			defaultConfigurationName = Release;
		};
/* End XCConfigurationList section */
	};
	rootObject = D3AF493E1EFB9E73009D94CD /* Project object */;
}
