// !$*UTF8*$!
{
	archiveVersion = 1;
	classes = {
	};
	objectVersion = 46;
	objects = {

/* Begin PBXBuildFile section */
		8E867C9F1EE55E0C00E16D53 /* main.m in Sources */ = {isa = PBXBuildFile; fileRef = 8E867C9E1EE55E0C00E16D53 /* main.m */; };
		8E867CA21EE55E0C00E16D53 /* AppDelegate.m in Sources */ = {isa = PBXBuildFile; fileRef = 8E867CA11EE55E0C00E16D53 /* AppDelegate.m */; };
		8E867CA51EE55E0C00E16D53 /* ViewController.m in Sources */ = {isa = PBXBuildFile; fileRef = 8E867CA41EE55E0C00E16D53 /* ViewController.m */; };
		8E867CA81EE55E0C00E16D53 /* Main.storyboard in Resources */ = {isa = PBXBuildFile; fileRef = 8E867CA61EE55E0C00E16D53 /* Main.storyboard */; };
		8E867CAA1EE55E0C00E16D53 /* Assets.xcassets in Resources */ = {isa = PBXBuildFile; fileRef = 8E867CA91EE55E0C00E16D53 /* Assets.xcassets */; };
		8E867CAD1EE55E0C00E16D53 /* LaunchScreen.storyboard in Resources */ = {isa = PBXBuildFile; fileRef = 8E867CAB1EE55E0C00E16D53 /* LaunchScreen.storyboard */; };
		8E867CB81EE55E0D00E16D53 /* ezglTests.m in Sources */ = {isa = PBXBuildFile; fileRef = 8E867CB71EE55E0D00E16D53 /* ezglTests.m */; };
		8E867D7B1EE5607400E16D53 /* EZGLib.framework in Frameworks */ = {isa = PBXBuildFile; fileRef = 8E867D781EE5606B00E16D53 /* EZGLib.framework */; };
/* End PBXBuildFile section */

/* Begin PBXContainerItemProxy section */
		8E867CB41EE55E0D00E16D53 /* PBXContainerItemProxy */ = {
			isa = PBXContainerItemProxy;
			containerPortal = 8E867C921EE55E0C00E16D53 /* Project object */;
			proxyType = 1;
			remoteGlobalIDString = 8E867C991EE55E0C00E16D53;
			remoteInfo = ezgl;
		};
		8E867D771EE5606B00E16D53 /* PBXContainerItemProxy */ = {
			isa = PBXContainerItemProxy;
			containerPortal = 8E867D721EE5606B00E16D53 /* EZGLib.xcodeproj */;
			proxyType = 2;
			remoteGlobalIDString = 8E867CCC1EE55E6300E16D53;
			remoteInfo = EZGLib;
		};
		8E867D791EE5606B00E16D53 /* PBXContainerItemProxy */ = {
			isa = PBXContainerItemProxy;
			containerPortal = 8E867D721EE5606B00E16D53 /* EZGLib.xcodeproj */;
			proxyType = 2;
			remoteGlobalIDString = 8E867CD51EE55E6300E16D53;
			remoteInfo = EZGLibTests;
		};
		8E867D7C1EE5612F00E16D53 /* PBXContainerItemProxy */ = {
			isa = PBXContainerItemProxy;
			containerPortal = 8E867D721EE5606B00E16D53 /* EZGLib.xcodeproj */;
			proxyType = 1;
			remoteGlobalIDString = 8E867CCB1EE55E6300E16D53;
			remoteInfo = EZGLib;
		};
/* End PBXContainerItemProxy section */

/* Begin PBXCopyFilesBuildPhase section */
		8E867D651EE5602A00E16D53 /* Embed Frameworks */ = {
			isa = PBXCopyFilesBuildPhase;
			buildActionMask = 2147483647;
			dstPath = "";
			dstSubfolderSpec = 10;
			files = (
			);
			name = "Embed Frameworks";
			runOnlyForDeploymentPostprocessing = 0;
		};
/* End PBXCopyFilesBuildPhase section */

/* Begin PBXFileReference section */
		8E867C9A1EE55E0C00E16D53 /* ezgl.app */ = {isa = PBXFileReference; explicitFileType = wrapper.application; includeInIndex = 0; path = ezgl.app; sourceTree = BUILT_PRODUCTS_DIR; };
		8E867C9E1EE55E0C00E16D53 /* main.m */ = {isa = PBXFileReference; lastKnownFileType = sourcecode.c.objc; path = main.m; sourceTree = "<group>"; };
		8E867CA01EE55E0C00E16D53 /* AppDelegate.h */ = {isa = PBXFileReference; lastKnownFileType = sourcecode.c.h; path = AppDelegate.h; sourceTree = "<group>"; };
		8E867CA11EE55E0C00E16D53 /* AppDelegate.m */ = {isa = PBXFileReference; lastKnownFileType = sourcecode.c.objc; path = AppDelegate.m; sourceTree = "<group>"; };
		8E867CA31EE55E0C00E16D53 /* ViewController.h */ = {isa = PBXFileReference; lastKnownFileType = sourcecode.c.h; path = ViewController.h; sourceTree = "<group>"; };
		8E867CA41EE55E0C00E16D53 /* ViewController.m */ = {isa = PBXFileReference; lastKnownFileType = sourcecode.c.objc; path = ViewController.m; sourceTree = "<group>"; };
		8E867CA71EE55E0C00E16D53 /* Base */ = {isa = PBXFileReference; lastKnownFileType = file.storyboard; name = Base; path = Base.lproj/Main.storyboard; sourceTree = "<group>"; };
		8E867CA91EE55E0C00E16D53 /* Assets.xcassets */ = {isa = PBXFileReference; lastKnownFileType = folder.assetcatalog; path = Assets.xcassets; sourceTree = "<group>"; };
		8E867CAC1EE55E0C00E16D53 /* Base */ = {isa = PBXFileReference; lastKnownFileType = file.storyboard; name = Base; path = Base.lproj/LaunchScreen.storyboard; sourceTree = "<group>"; };
		8E867CAE1EE55E0C00E16D53 /* Info.plist */ = {isa = PBXFileReference; lastKnownFileType = text.plist.xml; path = Info.plist; sourceTree = "<group>"; };
		8E867CB31EE55E0D00E16D53 /* ezglTests.xctest */ = {isa = PBXFileReference; explicitFileType = wrapper.cfbundle; includeInIndex = 0; path = ezglTests.xctest; sourceTree = BUILT_PRODUCTS_DIR; };
		8E867CB71EE55E0D00E16D53 /* ezglTests.m */ = {isa = PBXFileReference; lastKnownFileType = sourcecode.c.objc; path = ezglTests.m; sourceTree = "<group>"; };
		8E867CB91EE55E0D00E16D53 /* Info.plist */ = {isa = PBXFileReference; lastKnownFileType = text.plist.xml; path = Info.plist; sourceTree = "<group>"; };
		8E867D721EE5606B00E16D53 /* EZGLib.xcodeproj */ = {isa = PBXFileReference; lastKnownFileType = "wrapper.pb-project"; name = EZGLib.xcodeproj; path = ../EZGLib/EZGLib.xcodeproj; sourceTree = "<group>"; };
/* End PBXFileReference section */

/* Begin PBXFrameworksBuildPhase section */
		8E867C971EE55E0C00E16D53 /* Frameworks */ = {
			isa = PBXFrameworksBuildPhase;
			buildActionMask = 2147483647;
			files = (
				8E867D7B1EE5607400E16D53 /* EZGLib.framework in Frameworks */,
			);
			runOnlyForDeploymentPostprocessing = 0;
		};
		8E867CB01EE55E0D00E16D53 /* Frameworks */ = {
			isa = PBXFrameworksBuildPhase;
			buildActionMask = 2147483647;
			files = (
			);
			runOnlyForDeploymentPostprocessing = 0;
		};
/* End PBXFrameworksBuildPhase section */

/* Begin PBXGroup section */
		8E867C911EE55E0C00E16D53 = {
			isa = PBXGroup;
			children = (
				8E867D721EE5606B00E16D53 /* EZGLib.xcodeproj */,
				8E867C9C1EE55E0C00E16D53 /* ezgl */,
				8E867CB61EE55E0D00E16D53 /* ezglTests */,
				8E867C9B1EE55E0C00E16D53 /* Products */,
			);
			sourceTree = "<group>";
		};
		8E867C9B1EE55E0C00E16D53 /* Products */ = {
			isa = PBXGroup;
			children = (
				8E867C9A1EE55E0C00E16D53 /* ezgl.app */,
				8E867CB31EE55E0D00E16D53 /* ezglTests.xctest */,
			);
			name = Products;
			sourceTree = "<group>";
		};
		8E867C9C1EE55E0C00E16D53 /* ezgl */ = {
			isa = PBXGroup;
			children = (
				8E867CA01EE55E0C00E16D53 /* AppDelegate.h */,
				8E867CA11EE55E0C00E16D53 /* AppDelegate.m */,
				8E867CA31EE55E0C00E16D53 /* ViewController.h */,
				8E867CA41EE55E0C00E16D53 /* ViewController.m */,
				8E867CA61EE55E0C00E16D53 /* Main.storyboard */,
				8E867CA91EE55E0C00E16D53 /* Assets.xcassets */,
				8E867CAB1EE55E0C00E16D53 /* LaunchScreen.storyboard */,
				8E867CAE1EE55E0C00E16D53 /* Info.plist */,
				8E867C9D1EE55E0C00E16D53 /* Supporting Files */,
			);
			path = ezgl;
			sourceTree = "<group>";
		};
		8E867C9D1EE55E0C00E16D53 /* Supporting Files */ = {
			isa = PBXGroup;
			children = (
				8E867C9E1EE55E0C00E16D53 /* main.m */,
			);
			name = "Supporting Files";
			sourceTree = "<group>";
		};
		8E867CB61EE55E0D00E16D53 /* ezglTests */ = {
			isa = PBXGroup;
			children = (
				8E867CB71EE55E0D00E16D53 /* ezglTests.m */,
				8E867CB91EE55E0D00E16D53 /* Info.plist */,
			);
			path = ezglTests;
			sourceTree = "<group>";
		};
		8E867D731EE5606B00E16D53 /* Products */ = {
			isa = PBXGroup;
			children = (
				8E867D781EE5606B00E16D53 /* EZGLib.framework */,
				8E867D7A1EE5606B00E16D53 /* EZGLibTests.xctest */,
			);
			name = Products;
			sourceTree = "<group>";
		};
/* End PBXGroup section */

/* Begin PBXNativeTarget section */
		8E867C991EE55E0C00E16D53 /* ezgl */ = {
			isa = PBXNativeTarget;
			buildConfigurationList = 8E867CBC1EE55E0D00E16D53 /* Build configuration list for PBXNativeTarget "ezgl" */;
			buildPhases = (
				8E867C961EE55E0C00E16D53 /* Sources */,
				8E867C971EE55E0C00E16D53 /* Frameworks */,
				8E867C981EE55E0C00E16D53 /* Resources */,
				8E867D651EE5602A00E16D53 /* Embed Frameworks */,
			);
			buildRules = (
			);
			dependencies = (
				8E867D7D1EE5612F00E16D53 /* PBXTargetDependency */,
			);
			name = ezgl;
			productName = ezgl;
			productReference = 8E867C9A1EE55E0C00E16D53 /* ezgl.app */;
			productType = "com.apple.product-type.application";
		};
		8E867CB21EE55E0D00E16D53 /* ezglTests */ = {
			isa = PBXNativeTarget;
			buildConfigurationList = 8E867CBF1EE55E0D00E16D53 /* Build configuration list for PBXNativeTarget "ezglTests" */;
			buildPhases = (
				8E867CAF1EE55E0D00E16D53 /* Sources */,
				8E867CB01EE55E0D00E16D53 /* Frameworks */,
				8E867CB11EE55E0D00E16D53 /* Resources */,
			);
			buildRules = (
			);
			dependencies = (
				8E867CB51EE55E0D00E16D53 /* PBXTargetDependency */,
			);
			name = ezglTests;
			productName = ezglTests;
			productReference = 8E867CB31EE55E0D00E16D53 /* ezglTests.xctest */;
			productType = "com.apple.product-type.bundle.unit-test";
		};
/* End PBXNativeTarget section */

/* Begin PBXProject section */
		8E867C921EE55E0C00E16D53 /* Project object */ = {
			isa = PBXProject;
			attributes = {
				LastUpgradeCheck = 0830;
				ORGANIZATIONNAME = wangyang;
				TargetAttributes = {
					8E867C991EE55E0C00E16D53 = {
						CreatedOnToolsVersion = 8.3.2;
						DevelopmentTeam = P48344HVQL;
						ProvisioningStyle = Automatic;
					};
					8E867CB21EE55E0D00E16D53 = {
						CreatedOnToolsVersion = 8.3.2;
						DevelopmentTeam = P48344HVQL;
						ProvisioningStyle = Automatic;
						TestTargetID = 8E867C991EE55E0C00E16D53;
					};
				};
			};
			buildConfigurationList = 8E867C951EE55E0C00E16D53 /* Build configuration list for PBXProject "ezgl" */;
			compatibilityVersion = "Xcode 3.2";
			developmentRegion = English;
			hasScannedForEncodings = 0;
			knownRegions = (
				en,
				Base,
			);
			mainGroup = 8E867C911EE55E0C00E16D53;
			productRefGroup = 8E867C9B1EE55E0C00E16D53 /* Products */;
			projectDirPath = "";
			projectReferences = (
				{
					ProductGroup = 8E867D731EE5606B00E16D53 /* Products */;
					ProjectRef = 8E867D721EE5606B00E16D53 /* EZGLib.xcodeproj */;
				},
			);
			projectRoot = "";
			targets = (
				8E867C991EE55E0C00E16D53 /* ezgl */,
				8E867CB21EE55E0D00E16D53 /* ezglTests */,
			);
		};
/* End PBXProject section */

/* Begin PBXReferenceProxy section */
		8E867D781EE5606B00E16D53 /* EZGLib.framework */ = {
			isa = PBXReferenceProxy;
			fileType = wrapper.framework;
			path = EZGLib.framework;
			remoteRef = 8E867D771EE5606B00E16D53 /* PBXContainerItemProxy */;
			sourceTree = BUILT_PRODUCTS_DIR;
		};
		8E867D7A1EE5606B00E16D53 /* EZGLibTests.xctest */ = {
			isa = PBXReferenceProxy;
			fileType = wrapper.cfbundle;
			path = EZGLibTests.xctest;
			remoteRef = 8E867D791EE5606B00E16D53 /* PBXContainerItemProxy */;
			sourceTree = BUILT_PRODUCTS_DIR;
		};
/* End PBXReferenceProxy section */

/* Begin PBXResourcesBuildPhase section */
		8E867C981EE55E0C00E16D53 /* Resources */ = {
			isa = PBXResourcesBuildPhase;
			buildActionMask = 2147483647;
			files = (
				8E867CAD1EE55E0C00E16D53 /* LaunchScreen.storyboard in Resources */,
				8E867CAA1EE55E0C00E16D53 /* Assets.xcassets in Resources */,
				8E867CA81EE55E0C00E16D53 /* Main.storyboard in Resources */,
			);
			runOnlyForDeploymentPostprocessing = 0;
		};
		8E867CB11EE55E0D00E16D53 /* Resources */ = {
			isa = PBXResourcesBuildPhase;
			buildActionMask = 2147483647;
			files = (
			);
			runOnlyForDeploymentPostprocessing = 0;
		};
/* End PBXResourcesBuildPhase section */

/* Begin PBXSourcesBuildPhase section */
		8E867C961EE55E0C00E16D53 /* Sources */ = {
			isa = PBXSourcesBuildPhase;
			buildActionMask = 2147483647;
			files = (
				8E867CA51EE55E0C00E16D53 /* ViewController.m in Sources */,
				8E867CA21EE55E0C00E16D53 /* AppDelegate.m in Sources */,
				8E867C9F1EE55E0C00E16D53 /* main.m in Sources */,
			);
			runOnlyForDeploymentPostprocessing = 0;
		};
		8E867CAF1EE55E0D00E16D53 /* Sources */ = {
			isa = PBXSourcesBuildPhase;
			buildActionMask = 2147483647;
			files = (
				8E867CB81EE55E0D00E16D53 /* ezglTests.m in Sources */,
			);
			runOnlyForDeploymentPostprocessing = 0;
		};
/* End PBXSourcesBuildPhase section */

/* Begin PBXTargetDependency section */
		8E867CB51EE55E0D00E16D53 /* PBXTargetDependency */ = {
			isa = PBXTargetDependency;
			target = 8E867C991EE55E0C00E16D53 /* ezgl */;
			targetProxy = 8E867CB41EE55E0D00E16D53 /* PBXContainerItemProxy */;
		};
		8E867D7D1EE5612F00E16D53 /* PBXTargetDependency */ = {
			isa = PBXTargetDependency;
			name = EZGLib;
			targetProxy = 8E867D7C1EE5612F00E16D53 /* PBXContainerItemProxy */;
		};
/* End PBXTargetDependency section */

/* Begin PBXVariantGroup section */
		8E867CA61EE55E0C00E16D53 /* Main.storyboard */ = {
			isa = PBXVariantGroup;
			children = (
				8E867CA71EE55E0C00E16D53 /* Base */,
			);
			name = Main.storyboard;
			sourceTree = "<group>";
		};
		8E867CAB1EE55E0C00E16D53 /* LaunchScreen.storyboard */ = {
			isa = PBXVariantGroup;
			children = (
				8E867CAC1EE55E0C00E16D53 /* Base */,
			);
			name = LaunchScreen.storyboard;
			sourceTree = "<group>";
		};
/* End PBXVariantGroup section */

/* Begin XCBuildConfiguration section */
		8E867CBA1EE55E0D00E16D53 /* Debug */ = {
			isa = XCBuildConfiguration;
			buildSettings = {
				ALWAYS_SEARCH_USER_PATHS = NO;
				CLANG_ANALYZER_NONNULL = YES;
				CLANG_ANALYZER_NUMBER_OBJECT_CONVERSION = YES_AGGRESSIVE;
				CLANG_CXX_LANGUAGE_STANDARD = "gnu++0x";
				CLANG_CXX_LIBRARY = "libc++";
				CLANG_ENABLE_MODULES = YES;
				CLANG_ENABLE_OBJC_ARC = YES;
				CLANG_WARN_BOOL_CONVERSION = YES;
				CLANG_WARN_CONSTANT_CONVERSION = YES;
				CLANG_WARN_DIRECT_OBJC_ISA_USAGE = YES_ERROR;
				CLANG_WARN_DOCUMENTATION_COMMENTS = YES;
				CLANG_WARN_EMPTY_BODY = YES;
				CLANG_WARN_ENUM_CONVERSION = YES;
				CLANG_WARN_INFINITE_RECURSION = YES;
				CLANG_WARN_INT_CONVERSION = YES;
				CLANG_WARN_OBJC_ROOT_CLASS = YES_ERROR;
				CLANG_WARN_SUSPICIOUS_MOVE = YES;
				CLANG_WARN_UNREACHABLE_CODE = YES;
				CLANG_WARN__DUPLICATE_METHOD_MATCH = YES;
				"CODE_SIGN_IDENTITY[sdk=iphoneos*]" = "iPhone Developer";
				COPY_PHASE_STRIP = NO;
				DEBUG_INFORMATION_FORMAT = dwarf;
				ENABLE_STRICT_OBJC_MSGSEND = YES;
				ENABLE_TESTABILITY = YES;
				GCC_C_LANGUAGE_STANDARD = gnu99;
				GCC_DYNAMIC_NO_PIC = NO;
				GCC_NO_COMMON_BLOCKS = YES;
				GCC_OPTIMIZATION_LEVEL = 0;
				GCC_PREPROCESSOR_DEFINITIONS = (
					"DEBUG=1",
					"$(inherited)",
				);
				GCC_WARN_64_TO_32_BIT_CONVERSION = YES;
				GCC_WARN_ABOUT_RETURN_TYPE = YES_ERROR;
				GCC_WARN_UNDECLARED_SELECTOR = YES;
				GCC_WARN_UNINITIALIZED_AUTOS = YES_AGGRESSIVE;
				GCC_WARN_UNUSED_FUNCTION = YES;
				GCC_WARN_UNUSED_VARIABLE = YES;
				IPHONEOS_DEPLOYMENT_TARGET = 10.3;
				MTL_ENABLE_DEBUG_INFO = YES;
				ONLY_ACTIVE_ARCH = YES;
				SDKROOT = iphoneos;
			};
			name = Debug;
		};
		8E867CBB1EE55E0D00E16D53 /* Release */ = {
			isa = XCBuildConfiguration;
			buildSettings = {
				ALWAYS_SEARCH_USER_PATHS = NO;
				CLANG_ANALYZER_NONNULL = YES;
				CLANG_ANALYZER_NUMBER_OBJECT_CONVERSION = YES_AGGRESSIVE;
				CLANG_CXX_LANGUAGE_STANDARD = "gnu++0x";
				CLANG_CXX_LIBRARY = "libc++";
				CLANG_ENABLE_MODULES = YES;
				CLANG_ENABLE_OBJC_ARC = YES;
				CLANG_WARN_BOOL_CONVERSION = YES;
				CLANG_WARN_CONSTANT_CONVERSION = YES;
				CLANG_WARN_DIRECT_OBJC_ISA_USAGE = YES_ERROR;
				CLANG_WARN_DOCUMENTATION_COMMENTS = YES;
				CLANG_WARN_EMPTY_BODY = YES;
				CLANG_WARN_ENUM_CONVERSION = YES;
				CLANG_WARN_INFINITE_RECURSION = YES;
				CLANG_WARN_INT_CONVERSION = YES;
				CLANG_WARN_OBJC_ROOT_CLASS = YES_ERROR;
				CLANG_WARN_SUSPICIOUS_MOVE = YES;
				CLANG_WARN_UNREACHABLE_CODE = YES;
				CLANG_WARN__DUPLICATE_METHOD_MATCH = YES;
				"CODE_SIGN_IDENTITY[sdk=iphoneos*]" = "iPhone Developer";
				COPY_PHASE_STRIP = NO;
				DEBUG_INFORMATION_FORMAT = "dwarf-with-dsym";
				ENABLE_NS_ASSERTIONS = NO;
				ENABLE_STRICT_OBJC_MSGSEND = YES;
				GCC_C_LANGUAGE_STANDARD = gnu99;
				GCC_NO_COMMON_BLOCKS = YES;
				GCC_WARN_64_TO_32_BIT_CONVERSION = YES;
				GCC_WARN_ABOUT_RETURN_TYPE = YES_ERROR;
				GCC_WARN_UNDECLARED_SELECTOR = YES;
				GCC_WARN_UNINITIALIZED_AUTOS = YES_AGGRESSIVE;
				GCC_WARN_UNUSED_FUNCTION = YES;
				GCC_WARN_UNUSED_VARIABLE = YES;
				IPHONEOS_DEPLOYMENT_TARGET = 10.3;
				MTL_ENABLE_DEBUG_INFO = NO;
				SDKROOT = iphoneos;
				VALIDATE_PRODUCT = YES;
			};
			name = Release;
		};
		8E867CBD1EE55E0D00E16D53 /* Debug */ = {
			isa = XCBuildConfiguration;
			buildSettings = {
				ASSETCATALOG_COMPILER_APPICON_NAME = AppIcon;
				DEVELOPMENT_TEAM = P48344HVQL;
				FRAMEWORK_SEARCH_PATHS = (
					"${BUILD_DIR}/Debug-iphonesimulator/",
					"${BUILD_DIR}/Debug-iphonesimulator/",
				);
				INFOPLIST_FILE = ezgl/Info.plist;
				LD_RUNPATH_SEARCH_PATHS = "$(inherited) @executable_path/Frameworks";
				PRODUCT_BUNDLE_IDENTIFIER = com.dx168.ezgl;
				PRODUCT_NAME = "$(TARGET_NAME)";
			};
			name = Debug;
		};
		8E867CBE1EE55E0D00E16D53 /* Release */ = {
			isa = XCBuildConfiguration;
			buildSettings = {
				ASSETCATALOG_COMPILER_APPICON_NAME = AppIcon;
				DEVELOPMENT_TEAM = P48344HVQL;
				FRAMEWORK_SEARCH_PATHS = (
					"${BUILD_DIR}/Debug-iphonesimulator/",
					"${BUILD_DIR}/Debug-iphonesimulator/",
				);
				INFOPLIST_FILE = ezgl/Info.plist;
				LD_RUNPATH_SEARCH_PATHS = "$(inherited) @executable_path/Frameworks";
				PRODUCT_BUNDLE_IDENTIFIER = com.dx168.ezgl;
				PRODUCT_NAME = "$(TARGET_NAME)";
			};
			name = Release;
		};
		8E867CC01EE55E0D00E16D53 /* Debug */ = {
			isa = XCBuildConfiguration;
			buildSettings = {
				BUNDLE_LOADER = "$(TEST_HOST)";
				DEVELOPMENT_TEAM = P48344HVQL;
				INFOPLIST_FILE = ezglTests/Info.plist;
				LD_RUNPATH_SEARCH_PATHS = "$(inherited) @executable_path/Frameworks @loader_path/Frameworks";
				PRODUCT_BUNDLE_IDENTIFIER = com.dx168.ezglTests;
				PRODUCT_NAME = "$(TARGET_NAME)";
				TEST_HOST = "$(BUILT_PRODUCTS_DIR)/ezgl.app/ezgl";
			};
			name = Debug;
		};
		8E867CC11EE55E0D00E16D53 /* Release */ = {
			isa = XCBuildConfiguration;
			buildSettings = {
				BUNDLE_LOADER = "$(TEST_HOST)";
				DEVELOPMENT_TEAM = P48344HVQL;
				INFOPLIST_FILE = ezglTests/Info.plist;
				LD_RUNPATH_SEARCH_PATHS = "$(inherited) @executable_path/Frameworks @loader_path/Frameworks";
				PRODUCT_BUNDLE_IDENTIFIER = com.dx168.ezglTests;
				PRODUCT_NAME = "$(TARGET_NAME)";
				TEST_HOST = "$(BUILT_PRODUCTS_DIR)/ezgl.app/ezgl";
			};
			name = Release;
		};
/* End XCBuildConfiguration section */

/* Begin XCConfigurationList section */
		8E867C951EE55E0C00E16D53 /* Build configuration list for PBXProject "ezgl" */ = {
			isa = XCConfigurationList;
			buildConfigurations = (
				8E867CBA1EE55E0D00E16D53 /* Debug */,
				8E867CBB1EE55E0D00E16D53 /* Release */,
			);
			defaultConfigurationIsVisible = 0;
			defaultConfigurationName = Release;
		};
		8E867CBC1EE55E0D00E16D53 /* Build configuration list for PBXNativeTarget "ezgl" */ = {
			isa = XCConfigurationList;
			buildConfigurations = (
				8E867CBD1EE55E0D00E16D53 /* Debug */,
				8E867CBE1EE55E0D00E16D53 /* Release */,
			);
			defaultConfigurationIsVisible = 0;
			defaultConfigurationName = Release;
		};
		8E867CBF1EE55E0D00E16D53 /* Build configuration list for PBXNativeTarget "ezglTests" */ = {
			isa = XCConfigurationList;
			buildConfigurations = (
				8E867CC01EE55E0D00E16D53 /* Debug */,
				8E867CC11EE55E0D00E16D53 /* Release */,
			);
			defaultConfigurationIsVisible = 0;
			defaultConfigurationName = Release;
		};
/* End XCConfigurationList section */
	};
	rootObject = 8E867C921EE55E0C00E16D53 /* Project object */;
}
